// !$*UTF8*$!
{
	archiveVersion = 1;
	classes = {
	};
	objectVersion = 56;
	objects = {

/* Begin PBXBuildFile section */
		6343A0662A0F7B65005FFC3E /* IssueLabel.swift in Sources */ = {isa = PBXBuildFile; fileRef = 6343A0652A0F7B65005FFC3E /* IssueLabel.swift */; };
		635342AE2A20DEFE00668765 /* UIViewController+hideTabBar.swift in Sources */ = {isa = PBXBuildFile; fileRef = 635342AD2A20DEFE00668765 /* UIViewController+hideTabBar.swift */; };
		635342B02A20DF8400668765 /* IssueDetail.storyboard in Resources */ = {isa = PBXBuildFile; fileRef = 635342AF2A20DF8400668765 /* IssueDetail.storyboard */; };
		635342B22A20E56700668765 /* IssueDetailUseCase.swift in Sources */ = {isa = PBXBuildFile; fileRef = 635342B12A20E56700668765 /* IssueDetailUseCase.swift */; };
		635342B42A20E5DB00668765 /* IssueDetailDTO.swift in Sources */ = {isa = PBXBuildFile; fileRef = 635342B32A20E5DB00668765 /* IssueDetailDTO.swift */; };
		635342C02A20FF3F00668765 /* IssueDetailHeaderData.swift in Sources */ = {isa = PBXBuildFile; fileRef = 635342BF2A20FF3F00668765 /* IssueDetailHeaderData.swift */; };
		635342C22A21032700668765 /* LastTimeGenerator.swift in Sources */ = {isa = PBXBuildFile; fileRef = 635342C12A21032700668765 /* LastTimeGenerator.swift */; };
		635342C42A21043100668765 /* UIColorFactory.swift in Sources */ = {isa = PBXBuildFile; fileRef = 635342C32A21043100668765 /* UIColorFactory.swift */; };
		635342D42A22FEEA00668765 /* IssueFilterList.swift in Sources */ = {isa = PBXBuildFile; fileRef = 635342D32A22FEEA00668765 /* IssueFilterList.swift */; };
		635342D62A2303DD00668765 /* FilterListFactory.swift in Sources */ = {isa = PBXBuildFile; fileRef = 635342D52A2303DD00668765 /* FilterListFactory.swift */; };
		635342D82A23115300668765 /* FilterListUseCase.swift in Sources */ = {isa = PBXBuildFile; fileRef = 635342D72A23115300668765 /* FilterListUseCase.swift */; };
		635342DA2A23145F00668765 /* FilterListType.swift in Sources */ = {isa = PBXBuildFile; fileRef = 635342D92A23145F00668765 /* FilterListType.swift */; };
		635342DC2A231F9000668765 /* FilterApplyList.swift in Sources */ = {isa = PBXBuildFile; fileRef = 635342DB2A231F9000668765 /* FilterApplyList.swift */; };
		6361BDF32A249B280015D267 /* SelectToolBar.swift in Sources */ = {isa = PBXBuildFile; fileRef = 6361BDF22A249B280015D267 /* SelectToolBar.swift */; };
		6361BDF62A249EDE0015D267 /* SelectToolBar.xib in Resources */ = {isa = PBXBuildFile; fileRef = 6361BDF52A249EDE0015D267 /* SelectToolBar.xib */; };
		638659D92A0D30AD006FE4F0 /* IssueListCollectionViewCell.xib in Resources */ = {isa = PBXBuildFile; fileRef = 638659D82A0D30AD006FE4F0 /* IssueListCollectionViewCell.xib */; };
		638659DB2A0D3483006FE4F0 /* IssueListCollectionViewCell.swift in Sources */ = {isa = PBXBuildFile; fileRef = 638659DA2A0D3483006FE4F0 /* IssueListCollectionViewCell.swift */; };
		63BBC2792A2830990019B1BC /* IssueDetailTableViewController.swift in Sources */ = {isa = PBXBuildFile; fileRef = 63BBC2782A2830990019B1BC /* IssueDetailTableViewController.swift */; };
		63BBC28B2A2841700019B1BC /* DetailTableCell.swift in Sources */ = {isa = PBXBuildFile; fileRef = 63BBC2892A2841700019B1BC /* DetailTableCell.swift */; };
		63BBC28C2A2841700019B1BC /* DetailTableCell.xib in Resources */ = {isa = PBXBuildFile; fileRef = 63BBC28A2A2841700019B1BC /* DetailTableCell.xib */; };
		63BBC2962A286BB50019B1BC /* DetailTableHeader.xib in Resources */ = {isa = PBXBuildFile; fileRef = 63BBC2952A286BB50019B1BC /* DetailTableHeader.xib */; };
		63BBC2972A28AC8C0019B1BC /* DetailTableHeader.swift in Sources */ = {isa = PBXBuildFile; fileRef = 63BBC2812A283C950019B1BC /* DetailTableHeader.swift */; };
		63D6CFCF2A15B7F6000876D5 /* FilterListViewController.swift in Sources */ = {isa = PBXBuildFile; fileRef = 63D6CFCE2A15B7F6000876D5 /* FilterListViewController.swift */; };
		63D6CFD82A1624D3000876D5 /* DataSenderDelegate.swift in Sources */ = {isa = PBXBuildFile; fileRef = 63D6CFD72A1624D3000876D5 /* DataSenderDelegate.swift */; };
		63D6CFE52A168C0C000876D5 /* FilterListCollectionViewCell.xib in Resources */ = {isa = PBXBuildFile; fileRef = 63D6CFE42A168C0C000876D5 /* FilterListCollectionViewCell.xib */; };
		63D6CFE72A168F40000876D5 /* FilterListCollectionViewCell.swift in Sources */ = {isa = PBXBuildFile; fileRef = 63D6CFE62A168F40000876D5 /* FilterListCollectionViewCell.swift */; };
		63D6CFEA2A1698E7000876D5 /* FilterListCollectionViewHeader.swift in Sources */ = {isa = PBXBuildFile; fileRef = 63D6CFE82A1698E7000876D5 /* FilterListCollectionViewHeader.swift */; };
		63D6CFEB2A1698E7000876D5 /* FilterListCollectionViewHeader.xib in Resources */ = {isa = PBXBuildFile; fileRef = 63D6CFE92A1698E7000876D5 /* FilterListCollectionViewHeader.xib */; };
		63DF68A52A26D77A006C4D0E /* IssueListViewController+Select.swift in Sources */ = {isa = PBXBuildFile; fileRef = 63DF68A42A26D77A006C4D0E /* IssueListViewController+Select.swift */; };
		63DF68A72A26E0FB006C4D0E /* IssuePatchDTO.swift in Sources */ = {isa = PBXBuildFile; fileRef = 63DF68A62A26E0FB006C4D0E /* IssuePatchDTO.swift */; };
		63DF68A92A26F254006C4D0E /* ServerAPI.swift in Sources */ = {isa = PBXBuildFile; fileRef = 63DF68A82A26F254006C4D0E /* ServerAPI.swift */; };
		F40809752A0DE61C0005E0AB /* IssueListViewController.swift in Sources */ = {isa = PBXBuildFile; fileRef = F40809742A0DE61C0005E0AB /* IssueListViewController.swift */; };
		F415D2882A202F8B00712189 /* UITextField+font.swift in Sources */ = {isa = PBXBuildFile; fileRef = F415D2872A202F8B00712189 /* UITextField+font.swift */; };
		F43B37472A1F870F00EEB7C5 /* LabelEditViewController.storyboard in Resources */ = {isa = PBXBuildFile; fileRef = F43B37462A1F870F00EEB7C5 /* LabelEditViewController.storyboard */; };
		F43B37492A1F8AA000EEB7C5 /* LabelEditViewController.swift in Sources */ = {isa = PBXBuildFile; fileRef = F43B37482A1F8AA000EEB7C5 /* LabelEditViewController.swift */; };
		F45FA3E02A27FED10041247D /* IssueDetailPostDTO.swift in Sources */ = {isa = PBXBuildFile; fileRef = F45FA3DF2A27FED10041247D /* IssueDetailPostDTO.swift */; };
		F47681B12A248DD100C4FFA5 /* OrderedCollections in Frameworks */ = {isa = PBXBuildFile; productRef = F47681B02A248DD100C4FFA5 /* OrderedCollections */; };
		F47681B32A24F0A200C4FFA5 /* LabelDetailPostDTO.swift in Sources */ = {isa = PBXBuildFile; fileRef = F47681B22A24F0A200C4FFA5 /* LabelDetailPostDTO.swift */; };
		F48583AC2A10E1FC00322C9F /* TabBarController.swift in Sources */ = {isa = PBXBuildFile; fileRef = F48583AB2A10E1FC00322C9F /* TabBarController.swift */; };
		F48583C82A13802E00322C9F /* URLSessionDataTaskInterface.swift in Sources */ = {isa = PBXBuildFile; fileRef = F48583C32A13802E00322C9F /* URLSessionDataTaskInterface.swift */; };
		F48583C92A13802E00322C9F /* NetworkManager.swift in Sources */ = {isa = PBXBuildFile; fileRef = F48583C42A13802E00322C9F /* NetworkManager.swift */; };
		F48583CA2A13802E00322C9F /* URLSessionInterface.swift in Sources */ = {isa = PBXBuildFile; fileRef = F48583C52A13802E00322C9F /* URLSessionInterface.swift */; };
		F48583CB2A13802E00322C9F /* MockResponse.swift in Sources */ = {isa = PBXBuildFile; fileRef = F48583C62A13802E00322C9F /* MockResponse.swift */; };
		F48583CC2A13802E00322C9F /* NetworkError.swift in Sources */ = {isa = PBXBuildFile; fileRef = F48583C72A13802E00322C9F /* NetworkError.swift */; };
		F48583CF2A1380D100322C9F /* IssueListDTO.swift in Sources */ = {isa = PBXBuildFile; fileRef = F48583CE2A1380D100322C9F /* IssueListDTO.swift */; };
		F48583D12A138DA400322C9F /* issues.json in Resources */ = {isa = PBXBuildFile; fileRef = F48583D02A138DA400322C9F /* issues.json */; };
		F48926FE2A175DF3000EBE9C /* LoadCollectionViewCell.swift in Sources */ = {isa = PBXBuildFile; fileRef = F48926FC2A175DF3000EBE9C /* LoadCollectionViewCell.swift */; };
		F48927002A175FCB000EBE9C /* LoadCollectionViewCell.xib in Resources */ = {isa = PBXBuildFile; fileRef = F48926FD2A175DF3000EBE9C /* LoadCollectionViewCell.xib */; };
		F4A28CCC2A1E2F700091A940 /* ListingItemFactory.swift in Sources */ = {isa = PBXBuildFile; fileRef = F4A28CCB2A1E2F700091A940 /* ListingItemFactory.swift */; };
		F4A28CCE2A1E3A200091A940 /* SwipeAction.swift in Sources */ = {isa = PBXBuildFile; fileRef = F4A28CCD2A1E3A200091A940 /* SwipeAction.swift */; };
		F4A28CDA2A1E3D460091A940 /* LabelListViewController.swift in Sources */ = {isa = PBXBuildFile; fileRef = F4A28CD92A1E3D460091A940 /* LabelListViewController.swift */; };
		F4A28CDF2A1E3F8E0091A940 /* LabelListCell.swift in Sources */ = {isa = PBXBuildFile; fileRef = F4A28CDD2A1E3F8E0091A940 /* LabelListCell.swift */; };
		F4A28CE02A1E3F8E0091A940 /* LabelListCell.xib in Resources */ = {isa = PBXBuildFile; fileRef = F4A28CDE2A1E3F8E0091A940 /* LabelListCell.xib */; };
		F4A28CE22A1F23030091A940 /* LabelList.swift in Sources */ = {isa = PBXBuildFile; fileRef = F4A28CE12A1F23030091A940 /* LabelList.swift */; };
		F4A28CE72A1F32B90091A940 /* MilestoneListViewController.swift in Sources */ = {isa = PBXBuildFile; fileRef = F4A28CE62A1F32B90091A940 /* MilestoneListViewController.swift */; };
		F4A28CEA2A1F3C6E0091A940 /* MilestoneList.swift in Sources */ = {isa = PBXBuildFile; fileRef = F4A28CE92A1F3C6D0091A940 /* MilestoneList.swift */; };
		F4A28CED2A1F40B70091A940 /* MilestoneListCell.swift in Sources */ = {isa = PBXBuildFile; fileRef = F4A28CEB2A1F40B70091A940 /* MilestoneListCell.swift */; };
		F4A28CEE2A1F40B70091A940 /* MilestoneListCell.xib in Resources */ = {isa = PBXBuildFile; fileRef = F4A28CEC2A1F40B70091A940 /* MilestoneListCell.xib */; };
		F4A28CF22A1F56FB0091A940 /* LabelListDTO.swift in Sources */ = {isa = PBXBuildFile; fileRef = F4A28CF12A1F56FB0091A940 /* LabelListDTO.swift */; };
		F4A28CF82A1F77B20091A940 /* MilestoneListDTO.swift in Sources */ = {isa = PBXBuildFile; fileRef = F4A28CF72A1F77B20091A940 /* MilestoneListDTO.swift */; };
		F4AD2E672A28087E0072BD0C /* IssueFormDTO.swift in Sources */ = {isa = PBXBuildFile; fileRef = F4AD2E662A28087E0072BD0C /* IssueFormDTO.swift */; };
		F4AD2E6B2A28309E0072BD0C /* IssueFormData.swift in Sources */ = {isa = PBXBuildFile; fileRef = F4AD2E6A2A28309E0072BD0C /* IssueFormData.swift */; };
		F4AD2E6D2A284EBF0072BD0C /* UIToolbar+KeyboardAccessory.swift in Sources */ = {isa = PBXBuildFile; fileRef = F4AD2E6C2A284EBF0072BD0C /* UIToolbar+KeyboardAccessory.swift */; };
		F4AD2E6F2A28ADC50072BD0C /* UIView+Rounding.swift in Sources */ = {isa = PBXBuildFile; fileRef = F4AD2E6E2A28ADC50072BD0C /* UIView+Rounding.swift */; };
		F4BF7CCC2A0C8886001C22F0 /* AppDelegate.swift in Sources */ = {isa = PBXBuildFile; fileRef = F4BF7CCB2A0C8886001C22F0 /* AppDelegate.swift */; };
		F4BF7CCE2A0C8886001C22F0 /* SceneDelegate.swift in Sources */ = {isa = PBXBuildFile; fileRef = F4BF7CCD2A0C8886001C22F0 /* SceneDelegate.swift */; };
		F4BF7CD32A0C8886001C22F0 /* Main.storyboard in Resources */ = {isa = PBXBuildFile; fileRef = F4BF7CD12A0C8886001C22F0 /* Main.storyboard */; };
		F4BF7CD52A0C8887001C22F0 /* Assets.xcassets in Resources */ = {isa = PBXBuildFile; fileRef = F4BF7CD42A0C8887001C22F0 /* Assets.xcassets */; };
		F4BF7CD82A0C8887001C22F0 /* LaunchScreen.storyboard in Resources */ = {isa = PBXBuildFile; fileRef = F4BF7CD62A0C8887001C22F0 /* LaunchScreen.storyboard */; };
		F4BF7CE32A0C89BD001C22F0 /* .swiftlint.yml in Resources */ = {isa = PBXBuildFile; fileRef = F4BF7CE22A0C89BD001C22F0 /* .swiftlint.yml */; };
		F4BF7CF32A0D1312001C22F0 /* Color.swift in Sources */ = {isa = PBXBuildFile; fileRef = F4BF7CF22A0D1312001C22F0 /* Color.swift */; };
		F4BF7CF52A0D13FF001C22F0 /* Typography.swift in Sources */ = {isa = PBXBuildFile; fileRef = F4BF7CF42A0D13FF001C22F0 /* Typography.swift */; };
		F4BF7CF72A0D231D001C22F0 /* UILabel+font.swift in Sources */ = {isa = PBXBuildFile; fileRef = F4BF7CF62A0D231D001C22F0 /* UILabel+font.swift */; };
		F4C0A6D32A21FF6D0045277D /* FilterList.storyboard in Resources */ = {isa = PBXBuildFile; fileRef = F4C0A6D22A21FF6D0045277D /* FilterList.storyboard */; };
		F4D5E3D42A1C50AF00722AD1 /* IssueList.swift in Sources */ = {isa = PBXBuildFile; fileRef = F4D5E3D32A1C50AF00722AD1 /* IssueList.swift */; };
		F4DBD61F2A26F19D0034D090 /* IssueCreateViewController.swift in Sources */ = {isa = PBXBuildFile; fileRef = F4DBD61E2A26F19D0034D090 /* IssueCreateViewController.swift */; };
		F4DBD6212A26F1ED0034D090 /* IssueCreateViewController.storyboard in Resources */ = {isa = PBXBuildFile; fileRef = F4DBD6202A26F1ED0034D090 /* IssueCreateViewController.storyboard */; };
		F4DBD6252A2771A80034D090 /* StoryboardBased.swift in Sources */ = {isa = PBXBuildFile; fileRef = F4DBD6242A2771A80034D090 /* StoryboardBased.swift */; };
		F4DBD6282A2787DB0034D090 /* ItemPickerViewController.swift in Sources */ = {isa = PBXBuildFile; fileRef = F4DBD6272A2787DA0034D090 /* ItemPickerViewController.swift */; };
/* End PBXBuildFile section */

/* Begin PBXFileReference section */
		6343A0652A0F7B65005FFC3E /* IssueLabel.swift */ = {isa = PBXFileReference; lastKnownFileType = sourcecode.swift; path = IssueLabel.swift; sourceTree = "<group>"; };
		635342AD2A20DEFE00668765 /* UIViewController+hideTabBar.swift */ = {isa = PBXFileReference; lastKnownFileType = sourcecode.swift; path = "UIViewController+hideTabBar.swift"; sourceTree = "<group>"; };
		635342AF2A20DF8400668765 /* IssueDetail.storyboard */ = {isa = PBXFileReference; lastKnownFileType = file.storyboard; path = IssueDetail.storyboard; sourceTree = "<group>"; };
		635342B12A20E56700668765 /* IssueDetailUseCase.swift */ = {isa = PBXFileReference; lastKnownFileType = sourcecode.swift; path = IssueDetailUseCase.swift; sourceTree = "<group>"; };
		635342B32A20E5DB00668765 /* IssueDetailDTO.swift */ = {isa = PBXFileReference; lastKnownFileType = sourcecode.swift; path = IssueDetailDTO.swift; sourceTree = "<group>"; };
		635342BF2A20FF3F00668765 /* IssueDetailHeaderData.swift */ = {isa = PBXFileReference; lastKnownFileType = sourcecode.swift; path = IssueDetailHeaderData.swift; sourceTree = "<group>"; };
		635342C12A21032700668765 /* LastTimeGenerator.swift */ = {isa = PBXFileReference; lastKnownFileType = sourcecode.swift; path = LastTimeGenerator.swift; sourceTree = "<group>"; };
		635342C32A21043100668765 /* UIColorFactory.swift */ = {isa = PBXFileReference; lastKnownFileType = sourcecode.swift; path = UIColorFactory.swift; sourceTree = "<group>"; };
		635342D32A22FEEA00668765 /* IssueFilterList.swift */ = {isa = PBXFileReference; lastKnownFileType = sourcecode.swift; path = IssueFilterList.swift; sourceTree = "<group>"; };
		635342D52A2303DD00668765 /* FilterListFactory.swift */ = {isa = PBXFileReference; lastKnownFileType = sourcecode.swift; path = FilterListFactory.swift; sourceTree = "<group>"; };
		635342D72A23115300668765 /* FilterListUseCase.swift */ = {isa = PBXFileReference; lastKnownFileType = sourcecode.swift; path = FilterListUseCase.swift; sourceTree = "<group>"; };
		635342D92A23145F00668765 /* FilterListType.swift */ = {isa = PBXFileReference; lastKnownFileType = sourcecode.swift; path = FilterListType.swift; sourceTree = "<group>"; };
		635342DB2A231F9000668765 /* FilterApplyList.swift */ = {isa = PBXFileReference; lastKnownFileType = sourcecode.swift; path = FilterApplyList.swift; sourceTree = "<group>"; };
		6361BDF22A249B280015D267 /* SelectToolBar.swift */ = {isa = PBXFileReference; lastKnownFileType = sourcecode.swift; path = SelectToolBar.swift; sourceTree = "<group>"; };
		6361BDF52A249EDE0015D267 /* SelectToolBar.xib */ = {isa = PBXFileReference; lastKnownFileType = file.xib; path = SelectToolBar.xib; sourceTree = "<group>"; };
		638659D82A0D30AD006FE4F0 /* IssueListCollectionViewCell.xib */ = {isa = PBXFileReference; lastKnownFileType = file.xib; path = IssueListCollectionViewCell.xib; sourceTree = "<group>"; };
		638659DA2A0D3483006FE4F0 /* IssueListCollectionViewCell.swift */ = {isa = PBXFileReference; lastKnownFileType = sourcecode.swift; path = IssueListCollectionViewCell.swift; sourceTree = "<group>"; };
		63BBC2782A2830990019B1BC /* IssueDetailTableViewController.swift */ = {isa = PBXFileReference; lastKnownFileType = sourcecode.swift; path = IssueDetailTableViewController.swift; sourceTree = "<group>"; };
		63BBC2812A283C950019B1BC /* DetailTableHeader.swift */ = {isa = PBXFileReference; lastKnownFileType = sourcecode.swift; path = DetailTableHeader.swift; sourceTree = "<group>"; };
		63BBC2892A2841700019B1BC /* DetailTableCell.swift */ = {isa = PBXFileReference; lastKnownFileType = sourcecode.swift; path = DetailTableCell.swift; sourceTree = "<group>"; };
		63BBC28A2A2841700019B1BC /* DetailTableCell.xib */ = {isa = PBXFileReference; lastKnownFileType = file.xib; path = DetailTableCell.xib; sourceTree = "<group>"; };
		63BBC2952A286BB50019B1BC /* DetailTableHeader.xib */ = {isa = PBXFileReference; lastKnownFileType = file.xib; path = DetailTableHeader.xib; sourceTree = "<group>"; };
		63D6CFCE2A15B7F6000876D5 /* FilterListViewController.swift */ = {isa = PBXFileReference; lastKnownFileType = sourcecode.swift; path = FilterListViewController.swift; sourceTree = "<group>"; };
		63D6CFD72A1624D3000876D5 /* DataSenderDelegate.swift */ = {isa = PBXFileReference; lastKnownFileType = sourcecode.swift; path = DataSenderDelegate.swift; sourceTree = "<group>"; };
		63D6CFE42A168C0C000876D5 /* FilterListCollectionViewCell.xib */ = {isa = PBXFileReference; lastKnownFileType = file.xib; path = FilterListCollectionViewCell.xib; sourceTree = "<group>"; };
		63D6CFE62A168F40000876D5 /* FilterListCollectionViewCell.swift */ = {isa = PBXFileReference; lastKnownFileType = sourcecode.swift; path = FilterListCollectionViewCell.swift; sourceTree = "<group>"; };
		63D6CFE82A1698E7000876D5 /* FilterListCollectionViewHeader.swift */ = {isa = PBXFileReference; lastKnownFileType = sourcecode.swift; path = FilterListCollectionViewHeader.swift; sourceTree = "<group>"; };
		63D6CFE92A1698E7000876D5 /* FilterListCollectionViewHeader.xib */ = {isa = PBXFileReference; lastKnownFileType = file.xib; path = FilterListCollectionViewHeader.xib; sourceTree = "<group>"; };
		63DF68A42A26D77A006C4D0E /* IssueListViewController+Select.swift */ = {isa = PBXFileReference; fileEncoding = 4; lastKnownFileType = sourcecode.swift; path = "IssueListViewController+Select.swift"; sourceTree = "<group>"; };
		63DF68A62A26E0FB006C4D0E /* IssuePatchDTO.swift */ = {isa = PBXFileReference; lastKnownFileType = sourcecode.swift; path = IssuePatchDTO.swift; sourceTree = "<group>"; };
		63DF68A82A26F254006C4D0E /* ServerAPI.swift */ = {isa = PBXFileReference; lastKnownFileType = sourcecode.swift; path = ServerAPI.swift; sourceTree = "<group>"; };
		F40809742A0DE61C0005E0AB /* IssueListViewController.swift */ = {isa = PBXFileReference; lastKnownFileType = sourcecode.swift; path = IssueListViewController.swift; sourceTree = "<group>"; };
		F415D2872A202F8B00712189 /* UITextField+font.swift */ = {isa = PBXFileReference; lastKnownFileType = sourcecode.swift; path = "UITextField+font.swift"; sourceTree = "<group>"; };
		F43B37462A1F870F00EEB7C5 /* LabelEditViewController.storyboard */ = {isa = PBXFileReference; lastKnownFileType = file.storyboard; path = LabelEditViewController.storyboard; sourceTree = "<group>"; };
		F43B37482A1F8AA000EEB7C5 /* LabelEditViewController.swift */ = {isa = PBXFileReference; lastKnownFileType = sourcecode.swift; path = LabelEditViewController.swift; sourceTree = "<group>"; };
		F45FA3DF2A27FED10041247D /* IssueDetailPostDTO.swift */ = {isa = PBXFileReference; lastKnownFileType = sourcecode.swift; path = IssueDetailPostDTO.swift; sourceTree = "<group>"; };
		F47681B22A24F0A200C4FFA5 /* LabelDetailPostDTO.swift */ = {isa = PBXFileReference; lastKnownFileType = sourcecode.swift; path = LabelDetailPostDTO.swift; sourceTree = "<group>"; };
		F48583AB2A10E1FC00322C9F /* TabBarController.swift */ = {isa = PBXFileReference; lastKnownFileType = sourcecode.swift; path = TabBarController.swift; sourceTree = "<group>"; };
		F48583C32A13802E00322C9F /* URLSessionDataTaskInterface.swift */ = {isa = PBXFileReference; fileEncoding = 4; lastKnownFileType = sourcecode.swift; path = URLSessionDataTaskInterface.swift; sourceTree = "<group>"; };
		F48583C42A13802E00322C9F /* NetworkManager.swift */ = {isa = PBXFileReference; fileEncoding = 4; lastKnownFileType = sourcecode.swift; path = NetworkManager.swift; sourceTree = "<group>"; };
		F48583C52A13802E00322C9F /* URLSessionInterface.swift */ = {isa = PBXFileReference; fileEncoding = 4; lastKnownFileType = sourcecode.swift; path = URLSessionInterface.swift; sourceTree = "<group>"; };
		F48583C62A13802E00322C9F /* MockResponse.swift */ = {isa = PBXFileReference; fileEncoding = 4; lastKnownFileType = sourcecode.swift; path = MockResponse.swift; sourceTree = "<group>"; };
		F48583C72A13802E00322C9F /* NetworkError.swift */ = {isa = PBXFileReference; fileEncoding = 4; lastKnownFileType = sourcecode.swift; path = NetworkError.swift; sourceTree = "<group>"; };
		F48583CE2A1380D100322C9F /* IssueListDTO.swift */ = {isa = PBXFileReference; fileEncoding = 4; lastKnownFileType = sourcecode.swift; path = IssueListDTO.swift; sourceTree = "<group>"; };
		F48583D02A138DA400322C9F /* issues.json */ = {isa = PBXFileReference; fileEncoding = 4; lastKnownFileType = text.json; path = issues.json; sourceTree = "<group>"; };
		F48926FC2A175DF3000EBE9C /* LoadCollectionViewCell.swift */ = {isa = PBXFileReference; lastKnownFileType = sourcecode.swift; path = LoadCollectionViewCell.swift; sourceTree = "<group>"; };
		F48926FD2A175DF3000EBE9C /* LoadCollectionViewCell.xib */ = {isa = PBXFileReference; lastKnownFileType = file.xib; path = LoadCollectionViewCell.xib; sourceTree = "<group>"; };
		F4A28CCB2A1E2F700091A940 /* ListingItemFactory.swift */ = {isa = PBXFileReference; lastKnownFileType = sourcecode.swift; path = ListingItemFactory.swift; sourceTree = "<group>"; };
		F4A28CCD2A1E3A200091A940 /* SwipeAction.swift */ = {isa = PBXFileReference; lastKnownFileType = sourcecode.swift; path = SwipeAction.swift; sourceTree = "<group>"; };
		F4A28CD92A1E3D460091A940 /* LabelListViewController.swift */ = {isa = PBXFileReference; lastKnownFileType = sourcecode.swift; path = LabelListViewController.swift; sourceTree = "<group>"; };
		F4A28CDD2A1E3F8E0091A940 /* LabelListCell.swift */ = {isa = PBXFileReference; lastKnownFileType = sourcecode.swift; path = LabelListCell.swift; sourceTree = "<group>"; };
		F4A28CDE2A1E3F8E0091A940 /* LabelListCell.xib */ = {isa = PBXFileReference; lastKnownFileType = file.xib; path = LabelListCell.xib; sourceTree = "<group>"; };
		F4A28CE12A1F23030091A940 /* LabelList.swift */ = {isa = PBXFileReference; lastKnownFileType = sourcecode.swift; path = LabelList.swift; sourceTree = "<group>"; };
		F4A28CE62A1F32B90091A940 /* MilestoneListViewController.swift */ = {isa = PBXFileReference; lastKnownFileType = sourcecode.swift; path = MilestoneListViewController.swift; sourceTree = "<group>"; };
		F4A28CE92A1F3C6D0091A940 /* MilestoneList.swift */ = {isa = PBXFileReference; lastKnownFileType = sourcecode.swift; path = MilestoneList.swift; sourceTree = "<group>"; };
		F4A28CEB2A1F40B70091A940 /* MilestoneListCell.swift */ = {isa = PBXFileReference; lastKnownFileType = sourcecode.swift; path = MilestoneListCell.swift; sourceTree = "<group>"; };
		F4A28CEC2A1F40B70091A940 /* MilestoneListCell.xib */ = {isa = PBXFileReference; lastKnownFileType = file.xib; path = MilestoneListCell.xib; sourceTree = "<group>"; };
		F4A28CF12A1F56FB0091A940 /* LabelListDTO.swift */ = {isa = PBXFileReference; lastKnownFileType = sourcecode.swift; path = LabelListDTO.swift; sourceTree = "<group>"; };
		F4A28CF72A1F77B20091A940 /* MilestoneListDTO.swift */ = {isa = PBXFileReference; lastKnownFileType = sourcecode.swift; path = MilestoneListDTO.swift; sourceTree = "<group>"; };
		F4AD2E662A28087E0072BD0C /* IssueFormDTO.swift */ = {isa = PBXFileReference; lastKnownFileType = sourcecode.swift; path = IssueFormDTO.swift; sourceTree = "<group>"; };
		F4AD2E6A2A28309E0072BD0C /* IssueFormData.swift */ = {isa = PBXFileReference; lastKnownFileType = sourcecode.swift; path = IssueFormData.swift; sourceTree = "<group>"; };
		F4AD2E6C2A284EBF0072BD0C /* UIToolbar+KeyboardAccessory.swift */ = {isa = PBXFileReference; lastKnownFileType = sourcecode.swift; path = "UIToolbar+KeyboardAccessory.swift"; sourceTree = "<group>"; };
		F4AD2E6E2A28ADC50072BD0C /* UIView+Rounding.swift */ = {isa = PBXFileReference; fileEncoding = 4; lastKnownFileType = sourcecode.swift; path = "UIView+Rounding.swift"; sourceTree = "<group>"; };
		F4BF7CC82A0C8886001C22F0 /* IssueTracker.app */ = {isa = PBXFileReference; explicitFileType = wrapper.application; includeInIndex = 0; path = IssueTracker.app; sourceTree = BUILT_PRODUCTS_DIR; };
		F4BF7CCB2A0C8886001C22F0 /* AppDelegate.swift */ = {isa = PBXFileReference; lastKnownFileType = sourcecode.swift; path = AppDelegate.swift; sourceTree = "<group>"; };
		F4BF7CCD2A0C8886001C22F0 /* SceneDelegate.swift */ = {isa = PBXFileReference; lastKnownFileType = sourcecode.swift; path = SceneDelegate.swift; sourceTree = "<group>"; };
		F4BF7CD22A0C8886001C22F0 /* Base */ = {isa = PBXFileReference; lastKnownFileType = file.storyboard; name = Base; path = Base.lproj/Main.storyboard; sourceTree = "<group>"; };
		F4BF7CD42A0C8887001C22F0 /* Assets.xcassets */ = {isa = PBXFileReference; lastKnownFileType = folder.assetcatalog; path = Assets.xcassets; sourceTree = "<group>"; };
		F4BF7CD72A0C8887001C22F0 /* Base */ = {isa = PBXFileReference; lastKnownFileType = file.storyboard; name = Base; path = Base.lproj/LaunchScreen.storyboard; sourceTree = "<group>"; };
		F4BF7CD92A0C8887001C22F0 /* Info.plist */ = {isa = PBXFileReference; lastKnownFileType = text.plist.xml; path = Info.plist; sourceTree = "<group>"; };
		F4BF7CE22A0C89BD001C22F0 /* .swiftlint.yml */ = {isa = PBXFileReference; lastKnownFileType = text.yaml; path = .swiftlint.yml; sourceTree = "<group>"; };
		F4BF7CF22A0D1312001C22F0 /* Color.swift */ = {isa = PBXFileReference; lastKnownFileType = sourcecode.swift; path = Color.swift; sourceTree = "<group>"; };
		F4BF7CF42A0D13FF001C22F0 /* Typography.swift */ = {isa = PBXFileReference; lastKnownFileType = sourcecode.swift; path = Typography.swift; sourceTree = "<group>"; };
		F4BF7CF62A0D231D001C22F0 /* UILabel+font.swift */ = {isa = PBXFileReference; lastKnownFileType = sourcecode.swift; path = "UILabel+font.swift"; sourceTree = "<group>"; };
		F4C0A6D22A21FF6D0045277D /* FilterList.storyboard */ = {isa = PBXFileReference; fileEncoding = 4; lastKnownFileType = file.storyboard; path = FilterList.storyboard; sourceTree = "<group>"; };
		F4D5E3D32A1C50AF00722AD1 /* IssueList.swift */ = {isa = PBXFileReference; lastKnownFileType = sourcecode.swift; path = IssueList.swift; sourceTree = "<group>"; };
		F4DBD61E2A26F19D0034D090 /* IssueCreateViewController.swift */ = {isa = PBXFileReference; lastKnownFileType = sourcecode.swift; path = IssueCreateViewController.swift; sourceTree = "<group>"; };
		F4DBD6202A26F1ED0034D090 /* IssueCreateViewController.storyboard */ = {isa = PBXFileReference; lastKnownFileType = file.storyboard; path = IssueCreateViewController.storyboard; sourceTree = "<group>"; };
		F4DBD6242A2771A80034D090 /* StoryboardBased.swift */ = {isa = PBXFileReference; lastKnownFileType = sourcecode.swift; path = StoryboardBased.swift; sourceTree = "<group>"; };
		F4DBD6272A2787DA0034D090 /* ItemPickerViewController.swift */ = {isa = PBXFileReference; lastKnownFileType = sourcecode.swift; path = ItemPickerViewController.swift; sourceTree = "<group>"; };
/* End PBXFileReference section */

/* Begin PBXFrameworksBuildPhase section */
		F4BF7CC52A0C8886001C22F0 /* Frameworks */ = {
			isa = PBXFrameworksBuildPhase;
			buildActionMask = 2147483647;
			files = (
				F47681B12A248DD100C4FFA5 /* OrderedCollections in Frameworks */,
			);
			runOnlyForDeploymentPostprocessing = 0;
		};
/* End PBXFrameworksBuildPhase section */

/* Begin PBXGroup section */
		635342AA2A20DE9900668765 /* Detail */ = {
			isa = PBXGroup;
			children = (
				635342AF2A20DF8400668765 /* IssueDetail.storyboard */,
				63BBC2782A2830990019B1BC /* IssueDetailTableViewController.swift */,
				63BBC2952A286BB50019B1BC /* DetailTableHeader.xib */,
				63BBC2812A283C950019B1BC /* DetailTableHeader.swift */,
				63BBC28A2A2841700019B1BC /* DetailTableCell.xib */,
				63BBC2892A2841700019B1BC /* DetailTableCell.swift */,
				635342B12A20E56700668765 /* IssueDetailUseCase.swift */,
			);
			path = Detail;
			sourceTree = "<group>";
		};
		6361BDF42A249B2E0015D267 /* Select */ = {
			isa = PBXGroup;
			children = (
				63DF68A42A26D77A006C4D0E /* IssueListViewController+Select.swift */,
				6361BDF52A249EDE0015D267 /* SelectToolBar.xib */,
				6361BDF22A249B280015D267 /* SelectToolBar.swift */,
			);
			path = Select;
			sourceTree = "<group>";
		};
		63D6CFD02A15B80D000876D5 /* Filter */ = {
			isa = PBXGroup;
			children = (
				F4C0A6D22A21FF6D0045277D /* FilterList.storyboard */,
				63D6CFCE2A15B7F6000876D5 /* FilterListViewController.swift */,
				635342D72A23115300668765 /* FilterListUseCase.swift */,
				63D6CFE42A168C0C000876D5 /* FilterListCollectionViewCell.xib */,
				63D6CFE62A168F40000876D5 /* FilterListCollectionViewCell.swift */,
				63D6CFE92A1698E7000876D5 /* FilterListCollectionViewHeader.xib */,
				63D6CFE82A1698E7000876D5 /* FilterListCollectionViewHeader.swift */,
				635342D92A23145F00668765 /* FilterListType.swift */,
				635342DB2A231F9000668765 /* FilterApplyList.swift */,
			);
			path = Filter;
			sourceTree = "<group>";
		};
		F48583A82A0E216A00322C9F /* Common */ = {
			isa = PBXGroup;
			children = (
				F4BF7CF22A0D1312001C22F0 /* Color.swift */,
				F4BF7CF42A0D13FF001C22F0 /* Typography.swift */,
				6343A0652A0F7B65005FFC3E /* IssueLabel.swift */,
				F4A28CCB2A1E2F700091A940 /* ListingItemFactory.swift */,
				635342D52A2303DD00668765 /* FilterListFactory.swift */,
				635342C32A21043100668765 /* UIColorFactory.swift */,
				635342C12A21032700668765 /* LastTimeGenerator.swift */,
				F4A28CCD2A1E3A200091A940 /* SwipeAction.swift */,
				63DF68A82A26F254006C4D0E /* ServerAPI.swift */,
				F4DBD6242A2771A80034D090 /* StoryboardBased.swift */,
				F4AD2E6C2A284EBF0072BD0C /* UIToolbar+KeyboardAccessory.swift */,
			);
			path = Common;
			sourceTree = "<group>";
		};
		F48583A92A0E21DA00322C9F /* IssueTab */ = {
			isa = PBXGroup;
			children = (
				F4A28CFC2A1F7F310091A940 /* List */,
				63D6CFD02A15B80D000876D5 /* Filter */,
				635342AA2A20DE9900668765 /* Detail */,
				6361BDF42A249B2E0015D267 /* Select */,
				F4DBD6262A2773480034D090 /* Create */,
			);
			path = IssueTab;
			sourceTree = "<group>";
		};
		F48583AA2A0E21E500322C9F /* Extension */ = {
			isa = PBXGroup;
			children = (
				F4AD2E6E2A28ADC50072BD0C /* UIView+Rounding.swift */,
				F4BF7CF62A0D231D001C22F0 /* UILabel+font.swift */,
				F415D2872A202F8B00712189 /* UITextField+font.swift */,
				635342AD2A20DEFE00668765 /* UIViewController+hideTabBar.swift */,
			);
			path = Extension;
			sourceTree = "<group>";
		};
		F48583C22A13802E00322C9F /* Network */ = {
			isa = PBXGroup;
			children = (
				F48583CD2A1380C300322C9F /* DTO */,
				F48583C72A13802E00322C9F /* NetworkError.swift */,
				F48583C42A13802E00322C9F /* NetworkManager.swift */,
				F48583C52A13802E00322C9F /* URLSessionInterface.swift */,
				F48583C32A13802E00322C9F /* URLSessionDataTaskInterface.swift */,
				F48583C62A13802E00322C9F /* MockResponse.swift */,
			);
			path = Network;
			sourceTree = "<group>";
		};
		F48583CD2A1380C300322C9F /* DTO */ = {
			isa = PBXGroup;
			children = (
				F48583CE2A1380D100322C9F /* IssueListDTO.swift */,
				635342B32A20E5DB00668765 /* IssueDetailDTO.swift */,
				F4A28CF12A1F56FB0091A940 /* LabelListDTO.swift */,
				F4A28CF72A1F77B20091A940 /* MilestoneListDTO.swift */,
				F47681B22A24F0A200C4FFA5 /* LabelDetailPostDTO.swift */,
				F45FA3DF2A27FED10041247D /* IssueDetailPostDTO.swift */,
				F4AD2E662A28087E0072BD0C /* IssueFormDTO.swift */,
			);
			path = DTO;
			sourceTree = "<group>";
		};
		F4A28CDB2A1E3D4A0091A940 /* LabelTab */ = {
			isa = PBXGroup;
			children = (
				F4A28CDC2A1E3D5E0091A940 /* List */,
				F4AFEF692A21FEF40063DBAE /* Edit */,
			);
			path = LabelTab;
			sourceTree = "<group>";
		};
		F4A28CDC2A1E3D5E0091A940 /* List */ = {
			isa = PBXGroup;
			children = (
				F4A28CD92A1E3D460091A940 /* LabelListViewController.swift */,
				F4A28CDD2A1E3F8E0091A940 /* LabelListCell.swift */,
				F4A28CDE2A1E3F8E0091A940 /* LabelListCell.xib */,
			);
			path = List;
			sourceTree = "<group>";
		};
		F4A28CE82A1F32F50091A940 /* MilestoneTab */ = {
			isa = PBXGroup;
			children = (
				F4A28CF32A1F5AAF0091A940 /* List */,
			);
			path = MilestoneTab;
			sourceTree = "<group>";
		};
		F4A28CF32A1F5AAF0091A940 /* List */ = {
			isa = PBXGroup;
			children = (
				F4A28CE62A1F32B90091A940 /* MilestoneListViewController.swift */,
				F4A28CEB2A1F40B70091A940 /* MilestoneListCell.swift */,
				F4A28CEC2A1F40B70091A940 /* MilestoneListCell.xib */,
			);
			path = List;
			sourceTree = "<group>";
		};
		F4A28CFB2A1F7F060091A940 /* Model */ = {
			isa = PBXGroup;
			children = (
				F4D5E3D32A1C50AF00722AD1 /* IssueList.swift */,
				635342D32A22FEEA00668765 /* IssueFilterList.swift */,
				F4A28CE12A1F23030091A940 /* LabelList.swift */,
				F4A28CE92A1F3C6D0091A940 /* MilestoneList.swift */,
				635342BF2A20FF3F00668765 /* IssueDetailHeaderData.swift */,
				63DF68A62A26E0FB006C4D0E /* IssuePatchDTO.swift */,
				F4AD2E6A2A28309E0072BD0C /* IssueFormData.swift */,
			);
			path = Model;
			sourceTree = "<group>";
		};
		F4A28CFC2A1F7F310091A940 /* List */ = {
			isa = PBXGroup;
			children = (
				F40809742A0DE61C0005E0AB /* IssueListViewController.swift */,
				638659D82A0D30AD006FE4F0 /* IssueListCollectionViewCell.xib */,
				638659DA2A0D3483006FE4F0 /* IssueListCollectionViewCell.swift */,
				F48926FC2A175DF3000EBE9C /* LoadCollectionViewCell.swift */,
				F48926FD2A175DF3000EBE9C /* LoadCollectionViewCell.xib */,
			);
			path = List;
			sourceTree = "<group>";
		};
		F4AFEF692A21FEF40063DBAE /* Edit */ = {
			isa = PBXGroup;
			children = (
				F43B37462A1F870F00EEB7C5 /* LabelEditViewController.storyboard */,
				F43B37482A1F8AA000EEB7C5 /* LabelEditViewController.swift */,
			);
			path = Edit;
			sourceTree = "<group>";
		};
		F4BF7CBF2A0C8886001C22F0 = {
			isa = PBXGroup;
			children = (
				F4BF7CE22A0C89BD001C22F0 /* .swiftlint.yml */,
				F4BF7CCA2A0C8886001C22F0 /* IssueTracker */,
				F4BF7CC92A0C8886001C22F0 /* Products */,
			);
			sourceTree = "<group>";
		};
		F4BF7CC92A0C8886001C22F0 /* Products */ = {
			isa = PBXGroup;
			children = (
				F4BF7CC82A0C8886001C22F0 /* IssueTracker.app */,
			);
			name = Products;
			sourceTree = "<group>";
		};
		F4BF7CCA2A0C8886001C22F0 /* IssueTracker */ = {
			isa = PBXGroup;
			children = (
				F4BF7CE52A0C8B9F001C22F0 /* Resource */,
				F4BF7CE42A0C8B89001C22F0 /* Supporting Files */,
				F48583A82A0E216A00322C9F /* Common */,
				F48583AA2A0E21E500322C9F /* Extension */,
				F48583C22A13802E00322C9F /* Network */,
				F48583AB2A10E1FC00322C9F /* TabBarController.swift */,
				63D6CFD72A1624D3000876D5 /* DataSenderDelegate.swift */,
				F4A28CFB2A1F7F060091A940 /* Model */,
				F48583A92A0E21DA00322C9F /* IssueTab */,
				F4A28CDB2A1E3D4A0091A940 /* LabelTab */,
				F4A28CE82A1F32F50091A940 /* MilestoneTab */,
			);
			path = IssueTracker;
			sourceTree = "<group>";
		};
		F4BF7CE42A0C8B89001C22F0 /* Supporting Files */ = {
			isa = PBXGroup;
			children = (
				F4BF7CD62A0C8887001C22F0 /* LaunchScreen.storyboard */,
				F4BF7CD12A0C8886001C22F0 /* Main.storyboard */,
				F4BF7CCB2A0C8886001C22F0 /* AppDelegate.swift */,
				F4BF7CCD2A0C8886001C22F0 /* SceneDelegate.swift */,
				F4BF7CD92A0C8887001C22F0 /* Info.plist */,
			);
			path = "Supporting Files";
			sourceTree = "<group>";
		};
		F4BF7CE52A0C8B9F001C22F0 /* Resource */ = {
			isa = PBXGroup;
			children = (
				F4BF7CD42A0C8887001C22F0 /* Assets.xcassets */,
				F48583D02A138DA400322C9F /* issues.json */,
			);
			path = Resource;
			sourceTree = "<group>";
		};
		F4DBD6262A2773480034D090 /* Create */ = {
			isa = PBXGroup;
			children = (
				F4DBD61E2A26F19D0034D090 /* IssueCreateViewController.swift */,
				F4DBD6202A26F1ED0034D090 /* IssueCreateViewController.storyboard */,
				F4DBD6272A2787DA0034D090 /* ItemPickerViewController.swift */,
			);
			path = Create;
			sourceTree = "<group>";
		};
/* End PBXGroup section */

/* Begin PBXNativeTarget section */
		F4BF7CC72A0C8886001C22F0 /* IssueTracker */ = {
			isa = PBXNativeTarget;
			buildConfigurationList = F4BF7CDC2A0C8887001C22F0 /* Build configuration list for PBXNativeTarget "IssueTracker" */;
			buildPhases = (
				F4BF7CDF2A0C891D001C22F0 /* SwiftLint */,
				F4BF7CC42A0C8886001C22F0 /* Sources */,
				F4BF7CC52A0C8886001C22F0 /* Frameworks */,
				F4BF7CC62A0C8886001C22F0 /* Resources */,
			);
			buildRules = (
			);
			dependencies = (
			);
			name = IssueTracker;
			packageProductDependencies = (
				F47681B02A248DD100C4FFA5 /* OrderedCollections */,
			);
			productName = IssueTracker;
			productReference = F4BF7CC82A0C8886001C22F0 /* IssueTracker.app */;
			productType = "com.apple.product-type.application";
		};
/* End PBXNativeTarget section */

/* Begin PBXProject section */
		F4BF7CC02A0C8886001C22F0 /* Project object */ = {
			isa = PBXProject;
			attributes = {
				BuildIndependentTargetsInParallel = 1;
				LastSwiftUpdateCheck = 1430;
				LastUpgradeCheck = 1430;
				TargetAttributes = {
					F4BF7CC72A0C8886001C22F0 = {
						CreatedOnToolsVersion = 14.3;
					};
				};
			};
			buildConfigurationList = F4BF7CC32A0C8886001C22F0 /* Build configuration list for PBXProject "IssueTracker" */;
			compatibilityVersion = "Xcode 14.0";
			developmentRegion = en;
			hasScannedForEncodings = 0;
			knownRegions = (
				en,
				Base,
			);
			mainGroup = F4BF7CBF2A0C8886001C22F0;
			packageReferences = (
				F47681AF2A248DD100C4FFA5 /* XCRemoteSwiftPackageReference "swift-collections" */,
			);
			productRefGroup = F4BF7CC92A0C8886001C22F0 /* Products */;
			projectDirPath = "";
			projectRoot = "";
			targets = (
				F4BF7CC72A0C8886001C22F0 /* IssueTracker */,
			);
		};
/* End PBXProject section */

/* Begin PBXResourcesBuildPhase section */
		F4BF7CC62A0C8886001C22F0 /* Resources */ = {
			isa = PBXResourcesBuildPhase;
			buildActionMask = 2147483647;
			files = (
				F4C0A6D32A21FF6D0045277D /* FilterList.storyboard in Resources */,
				63BBC28C2A2841700019B1BC /* DetailTableCell.xib in Resources */,
				F48927002A175FCB000EBE9C /* LoadCollectionViewCell.xib in Resources */,
				F4BF7CE32A0C89BD001C22F0 /* .swiftlint.yml in Resources */,
				638659D92A0D30AD006FE4F0 /* IssueListCollectionViewCell.xib in Resources */,
				F43B37472A1F870F00EEB7C5 /* LabelEditViewController.storyboard in Resources */,
				F4BF7CD82A0C8887001C22F0 /* LaunchScreen.storyboard in Resources */,
				63BBC2962A286BB50019B1BC /* DetailTableHeader.xib in Resources */,
				63D6CFEB2A1698E7000876D5 /* FilterListCollectionViewHeader.xib in Resources */,
				6361BDF62A249EDE0015D267 /* SelectToolBar.xib in Resources */,
				F4BF7CD52A0C8887001C22F0 /* Assets.xcassets in Resources */,
				F4BF7CD32A0C8886001C22F0 /* Main.storyboard in Resources */,
				F4DBD6212A26F1ED0034D090 /* IssueCreateViewController.storyboard in Resources */,
				F48583D12A138DA400322C9F /* issues.json in Resources */,
				F4A28CEE2A1F40B70091A940 /* MilestoneListCell.xib in Resources */,
				F4A28CE02A1E3F8E0091A940 /* LabelListCell.xib in Resources */,
				635342B02A20DF8400668765 /* IssueDetail.storyboard in Resources */,
				63D6CFE52A168C0C000876D5 /* FilterListCollectionViewCell.xib in Resources */,
			);
			runOnlyForDeploymentPostprocessing = 0;
		};
/* End PBXResourcesBuildPhase section */

/* Begin PBXShellScriptBuildPhase section */
		F4BF7CDF2A0C891D001C22F0 /* SwiftLint */ = {
			isa = PBXShellScriptBuildPhase;
			alwaysOutOfDate = 1;
			buildActionMask = 2147483647;
			files = (
			);
			inputFileListPaths = (
			);
			inputPaths = (
			);
			name = SwiftLint;
			outputFileListPaths = (
			);
			outputPaths = (
			);
			runOnlyForDeploymentPostprocessing = 0;
			shellPath = /bin/sh;
			shellScript = "if test -d \"/opt/homebrew/bin/\"; then\n  PATH=\"/opt/homebrew/bin/:${PATH}\"\nfi\n\nexport PATH\n\nif which swiftlint >/dev/null; then\n  swiftlint\nelse\n  echo \"warning: SwiftLint not installed, download from https://github.com/realm/SwiftLint\"\nfi\n";
		};
/* End PBXShellScriptBuildPhase section */

/* Begin PBXSourcesBuildPhase section */
		F4BF7CC42A0C8886001C22F0 /* Sources */ = {
			isa = PBXSourcesBuildPhase;
			buildActionMask = 2147483647;
			files = (
				635342C22A21032700668765 /* LastTimeGenerator.swift in Sources */,
				F48926FE2A175DF3000EBE9C /* LoadCollectionViewCell.swift in Sources */,
				F4BF7CF72A0D231D001C22F0 /* UILabel+font.swift in Sources */,
				635342B42A20E5DB00668765 /* IssueDetailDTO.swift in Sources */,
				F4A28CCE2A1E3A200091A940 /* SwipeAction.swift in Sources */,
				F48583CC2A13802E00322C9F /* NetworkError.swift in Sources */,
				F4A28CF82A1F77B20091A940 /* MilestoneListDTO.swift in Sources */,
				63D6CFE72A168F40000876D5 /* FilterListCollectionViewCell.swift in Sources */,
				635342DC2A231F9000668765 /* FilterApplyList.swift in Sources */,
				F4BF7CF32A0D1312001C22F0 /* Color.swift in Sources */,
				F4DBD6252A2771A80034D090 /* StoryboardBased.swift in Sources */,
				F48583AC2A10E1FC00322C9F /* TabBarController.swift in Sources */,
				63D6CFD82A1624D3000876D5 /* DataSenderDelegate.swift in Sources */,
				F48583C82A13802E00322C9F /* URLSessionDataTaskInterface.swift in Sources */,
				F415D2882A202F8B00712189 /* UITextField+font.swift in Sources */,
				63DF68A92A26F254006C4D0E /* ServerAPI.swift in Sources */,
				F48583CA2A13802E00322C9F /* URLSessionInterface.swift in Sources */,
				F43B37492A1F8AA000EEB7C5 /* LabelEditViewController.swift in Sources */,
				F48583C92A13802E00322C9F /* NetworkManager.swift in Sources */,
				F4AD2E6B2A28309E0072BD0C /* IssueFormData.swift in Sources */,
				63BBC2792A2830990019B1BC /* IssueDetailTableViewController.swift in Sources */,
				6361BDF32A249B280015D267 /* SelectToolBar.swift in Sources */,
				F4A28CF22A1F56FB0091A940 /* LabelListDTO.swift in Sources */,
				F48583CF2A1380D100322C9F /* IssueListDTO.swift in Sources */,
				63DF68A72A26E0FB006C4D0E /* IssuePatchDTO.swift in Sources */,
				635342D82A23115300668765 /* FilterListUseCase.swift in Sources */,
				F4BF7CF52A0D13FF001C22F0 /* Typography.swift in Sources */,
				635342B22A20E56700668765 /* IssueDetailUseCase.swift in Sources */,
				635342D42A22FEEA00668765 /* IssueFilterList.swift in Sources */,
				F4A28CED2A1F40B70091A940 /* MilestoneListCell.swift in Sources */,
				F4A28CE22A1F23030091A940 /* LabelList.swift in Sources */,
				635342C42A21043100668765 /* UIColorFactory.swift in Sources */,
				635342C02A20FF3F00668765 /* IssueDetailHeaderData.swift in Sources */,
				F4A28CE72A1F32B90091A940 /* MilestoneListViewController.swift in Sources */,
				63DF68A52A26D77A006C4D0E /* IssueListViewController+Select.swift in Sources */,
				F4A28CDF2A1E3F8E0091A940 /* LabelListCell.swift in Sources */,
				F4D5E3D42A1C50AF00722AD1 /* IssueList.swift in Sources */,
				F4AD2E672A28087E0072BD0C /* IssueFormDTO.swift in Sources */,
				6343A0662A0F7B65005FFC3E /* IssueLabel.swift in Sources */,
				F4AD2E6D2A284EBF0072BD0C /* UIToolbar+KeyboardAccessory.swift in Sources */,
				635342D62A2303DD00668765 /* FilterListFactory.swift in Sources */,
				F4A28CCC2A1E2F700091A940 /* ListingItemFactory.swift in Sources */,
				F4AD2E6F2A28ADC50072BD0C /* UIView+Rounding.swift in Sources */,
				635342DA2A23145F00668765 /* FilterListType.swift in Sources */,
				F47681B32A24F0A200C4FFA5 /* LabelDetailPostDTO.swift in Sources */,
				63D6CFCF2A15B7F6000876D5 /* FilterListViewController.swift in Sources */,
				F4A28CEA2A1F3C6E0091A940 /* MilestoneList.swift in Sources */,
				F40809752A0DE61C0005E0AB /* IssueListViewController.swift in Sources */,
				63BBC28B2A2841700019B1BC /* DetailTableCell.swift in Sources */,
				F4DBD6282A2787DB0034D090 /* ItemPickerViewController.swift in Sources */,
				F4BF7CCC2A0C8886001C22F0 /* AppDelegate.swift in Sources */,
				F4DBD61F2A26F19D0034D090 /* IssueCreateViewController.swift in Sources */,
				63BBC2972A28AC8C0019B1BC /* DetailTableHeader.swift in Sources */,
				F45FA3E02A27FED10041247D /* IssueDetailPostDTO.swift in Sources */,
				F4BF7CCE2A0C8886001C22F0 /* SceneDelegate.swift in Sources */,
				F4A28CDA2A1E3D460091A940 /* LabelListViewController.swift in Sources */,
				F48583CB2A13802E00322C9F /* MockResponse.swift in Sources */,
				635342AE2A20DEFE00668765 /* UIViewController+hideTabBar.swift in Sources */,
				638659DB2A0D3483006FE4F0 /* IssueListCollectionViewCell.swift in Sources */,
				63D6CFEA2A1698E7000876D5 /* FilterListCollectionViewHeader.swift in Sources */,
			);
			runOnlyForDeploymentPostprocessing = 0;
		};
/* End PBXSourcesBuildPhase section */

/* Begin PBXVariantGroup section */
		F4BF7CD12A0C8886001C22F0 /* Main.storyboard */ = {
			isa = PBXVariantGroup;
			children = (
				F4BF7CD22A0C8886001C22F0 /* Base */,
			);
			name = Main.storyboard;
			sourceTree = "<group>";
		};
		F4BF7CD62A0C8887001C22F0 /* LaunchScreen.storyboard */ = {
			isa = PBXVariantGroup;
			children = (
				F4BF7CD72A0C8887001C22F0 /* Base */,
			);
			name = LaunchScreen.storyboard;
			sourceTree = "<group>";
		};
/* End PBXVariantGroup section */

/* Begin XCBuildConfiguration section */
		F4BF7CDA2A0C8887001C22F0 /* Debug */ = {
			isa = XCBuildConfiguration;
			buildSettings = {
				ALWAYS_SEARCH_USER_PATHS = NO;
				CLANG_ANALYZER_NONNULL = YES;
				CLANG_ANALYZER_NUMBER_OBJECT_CONVERSION = YES_AGGRESSIVE;
				CLANG_CXX_LANGUAGE_STANDARD = "gnu++20";
				CLANG_ENABLE_MODULES = YES;
				CLANG_ENABLE_OBJC_ARC = YES;
				CLANG_ENABLE_OBJC_WEAK = YES;
				CLANG_WARN_BLOCK_CAPTURE_AUTORELEASING = YES;
				CLANG_WARN_BOOL_CONVERSION = YES;
				CLANG_WARN_COMMA = YES;
				CLANG_WARN_CONSTANT_CONVERSION = YES;
				CLANG_WARN_DEPRECATED_OBJC_IMPLEMENTATIONS = YES;
				CLANG_WARN_DIRECT_OBJC_ISA_USAGE = YES_ERROR;
				CLANG_WARN_DOCUMENTATION_COMMENTS = YES;
				CLANG_WARN_EMPTY_BODY = YES;
				CLANG_WARN_ENUM_CONVERSION = YES;
				CLANG_WARN_INFINITE_RECURSION = YES;
				CLANG_WARN_INT_CONVERSION = YES;
				CLANG_WARN_NON_LITERAL_NULL_CONVERSION = YES;
				CLANG_WARN_OBJC_IMPLICIT_RETAIN_SELF = YES;
				CLANG_WARN_OBJC_LITERAL_CONVERSION = YES;
				CLANG_WARN_OBJC_ROOT_CLASS = YES_ERROR;
				CLANG_WARN_QUOTED_INCLUDE_IN_FRAMEWORK_HEADER = YES;
				CLANG_WARN_RANGE_LOOP_ANALYSIS = YES;
				CLANG_WARN_STRICT_PROTOTYPES = YES;
				CLANG_WARN_SUSPICIOUS_MOVE = YES;
				CLANG_WARN_UNGUARDED_AVAILABILITY = YES_AGGRESSIVE;
				CLANG_WARN_UNREACHABLE_CODE = YES;
				CLANG_WARN__DUPLICATE_METHOD_MATCH = YES;
				COPY_PHASE_STRIP = NO;
				DEBUG_INFORMATION_FORMAT = dwarf;
				ENABLE_STRICT_OBJC_MSGSEND = YES;
				ENABLE_TESTABILITY = YES;
				GCC_C_LANGUAGE_STANDARD = gnu11;
				GCC_DYNAMIC_NO_PIC = NO;
				GCC_NO_COMMON_BLOCKS = YES;
				GCC_OPTIMIZATION_LEVEL = 0;
				GCC_PREPROCESSOR_DEFINITIONS = (
					"DEBUG=1",
					"$(inherited)",
				);
				GCC_WARN_64_TO_32_BIT_CONVERSION = YES;
				GCC_WARN_ABOUT_RETURN_TYPE = YES_ERROR;
				GCC_WARN_UNDECLARED_SELECTOR = YES;
				GCC_WARN_UNINITIALIZED_AUTOS = YES_AGGRESSIVE;
				GCC_WARN_UNUSED_FUNCTION = YES;
				GCC_WARN_UNUSED_VARIABLE = YES;
				IPHONEOS_DEPLOYMENT_TARGET = 16.0;
				MTL_ENABLE_DEBUG_INFO = INCLUDE_SOURCE;
				MTL_FAST_MATH = YES;
				ONLY_ACTIVE_ARCH = YES;
				SDKROOT = iphoneos;
				SWIFT_ACTIVE_COMPILATION_CONDITIONS = DEBUG;
				SWIFT_OPTIMIZATION_LEVEL = "-Onone";
			};
			name = Debug;
		};
		F4BF7CDB2A0C8887001C22F0 /* Release */ = {
			isa = XCBuildConfiguration;
			buildSettings = {
				ALWAYS_SEARCH_USER_PATHS = NO;
				CLANG_ANALYZER_NONNULL = YES;
				CLANG_ANALYZER_NUMBER_OBJECT_CONVERSION = YES_AGGRESSIVE;
				CLANG_CXX_LANGUAGE_STANDARD = "gnu++20";
				CLANG_ENABLE_MODULES = YES;
				CLANG_ENABLE_OBJC_ARC = YES;
				CLANG_ENABLE_OBJC_WEAK = YES;
				CLANG_WARN_BLOCK_CAPTURE_AUTORELEASING = YES;
				CLANG_WARN_BOOL_CONVERSION = YES;
				CLANG_WARN_COMMA = YES;
				CLANG_WARN_CONSTANT_CONVERSION = YES;
				CLANG_WARN_DEPRECATED_OBJC_IMPLEMENTATIONS = YES;
				CLANG_WARN_DIRECT_OBJC_ISA_USAGE = YES_ERROR;
				CLANG_WARN_DOCUMENTATION_COMMENTS = YES;
				CLANG_WARN_EMPTY_BODY = YES;
				CLANG_WARN_ENUM_CONVERSION = YES;
				CLANG_WARN_INFINITE_RECURSION = YES;
				CLANG_WARN_INT_CONVERSION = YES;
				CLANG_WARN_NON_LITERAL_NULL_CONVERSION = YES;
				CLANG_WARN_OBJC_IMPLICIT_RETAIN_SELF = YES;
				CLANG_WARN_OBJC_LITERAL_CONVERSION = YES;
				CLANG_WARN_OBJC_ROOT_CLASS = YES_ERROR;
				CLANG_WARN_QUOTED_INCLUDE_IN_FRAMEWORK_HEADER = YES;
				CLANG_WARN_RANGE_LOOP_ANALYSIS = YES;
				CLANG_WARN_STRICT_PROTOTYPES = YES;
				CLANG_WARN_SUSPICIOUS_MOVE = YES;
				CLANG_WARN_UNGUARDED_AVAILABILITY = YES_AGGRESSIVE;
				CLANG_WARN_UNREACHABLE_CODE = YES;
				CLANG_WARN__DUPLICATE_METHOD_MATCH = YES;
				COPY_PHASE_STRIP = NO;
				DEBUG_INFORMATION_FORMAT = "dwarf-with-dsym";
				ENABLE_NS_ASSERTIONS = NO;
				ENABLE_STRICT_OBJC_MSGSEND = YES;
				GCC_C_LANGUAGE_STANDARD = gnu11;
				GCC_NO_COMMON_BLOCKS = YES;
				GCC_WARN_64_TO_32_BIT_CONVERSION = YES;
				GCC_WARN_ABOUT_RETURN_TYPE = YES_ERROR;
				GCC_WARN_UNDECLARED_SELECTOR = YES;
				GCC_WARN_UNINITIALIZED_AUTOS = YES_AGGRESSIVE;
				GCC_WARN_UNUSED_FUNCTION = YES;
				GCC_WARN_UNUSED_VARIABLE = YES;
				IPHONEOS_DEPLOYMENT_TARGET = 16.0;
				MTL_ENABLE_DEBUG_INFO = NO;
				MTL_FAST_MATH = YES;
				SDKROOT = iphoneos;
				SWIFT_COMPILATION_MODE = wholemodule;
				SWIFT_OPTIMIZATION_LEVEL = "-O";
				VALIDATE_PRODUCT = YES;
			};
			name = Release;
		};
		F4BF7CDD2A0C8887001C22F0 /* Debug */ = {
			isa = XCBuildConfiguration;
			buildSettings = {
				ASSETCATALOG_COMPILER_APPICON_NAME = AppIcon;
				ASSETCATALOG_COMPILER_GLOBAL_ACCENT_COLOR_NAME = AccentColor;
				CODE_SIGN_STYLE = Automatic;
				CURRENT_PROJECT_VERSION = 1;
				DEVELOPMENT_TEAM = B3PWYBKFUK;
				GENERATE_INFOPLIST_FILE = YES;
				INFOPLIST_FILE = "IssueTracker/Supporting Files/Info.plist";
				INFOPLIST_KEY_UIApplicationSupportsIndirectInputEvents = YES;
				INFOPLIST_KEY_UILaunchStoryboardName = LaunchScreen;
				INFOPLIST_KEY_UIMainStoryboardFile = Main;
				INFOPLIST_KEY_UISupportedInterfaceOrientations_iPad = "UIInterfaceOrientationPortrait UIInterfaceOrientationPortraitUpsideDown UIInterfaceOrientationLandscapeLeft UIInterfaceOrientationLandscapeRight";
				INFOPLIST_KEY_UISupportedInterfaceOrientations_iPhone = "UIInterfaceOrientationPortrait UIInterfaceOrientationLandscapeLeft UIInterfaceOrientationLandscapeRight";
				LD_RUNPATH_SEARCH_PATHS = (
					"$(inherited)",
					"@executable_path/Frameworks",
				);
				MARKETING_VERSION = 1.0;
				PRODUCT_BUNDLE_IDENTIFIER = "com.codesquad2023-group-02.IssueTracker";
				PRODUCT_NAME = "$(TARGET_NAME)";
				SWIFT_EMIT_LOC_STRINGS = YES;
				SWIFT_VERSION = 5.0;
				TARGETED_DEVICE_FAMILY = "1,2";
			};
			name = Debug;
		};
		F4BF7CDE2A0C8887001C22F0 /* Release */ = {
			isa = XCBuildConfiguration;
			buildSettings = {
				ASSETCATALOG_COMPILER_APPICON_NAME = AppIcon;
				ASSETCATALOG_COMPILER_GLOBAL_ACCENT_COLOR_NAME = AccentColor;
				CODE_SIGN_STYLE = Automatic;
				CURRENT_PROJECT_VERSION = 1;
				DEVELOPMENT_TEAM = B3PWYBKFUK;
				GENERATE_INFOPLIST_FILE = YES;
				INFOPLIST_FILE = "IssueTracker/Supporting Files/Info.plist";
				INFOPLIST_KEY_UIApplicationSupportsIndirectInputEvents = YES;
				INFOPLIST_KEY_UILaunchStoryboardName = LaunchScreen;
				INFOPLIST_KEY_UIMainStoryboardFile = Main;
				INFOPLIST_KEY_UISupportedInterfaceOrientations_iPad = "UIInterfaceOrientationPortrait UIInterfaceOrientationPortraitUpsideDown UIInterfaceOrientationLandscapeLeft UIInterfaceOrientationLandscapeRight";
				INFOPLIST_KEY_UISupportedInterfaceOrientations_iPhone = "UIInterfaceOrientationPortrait UIInterfaceOrientationLandscapeLeft UIInterfaceOrientationLandscapeRight";
				LD_RUNPATH_SEARCH_PATHS = (
					"$(inherited)",
					"@executable_path/Frameworks",
				);
				MARKETING_VERSION = 1.0;
				PRODUCT_BUNDLE_IDENTIFIER = "com.codesquad2023-group-02.IssueTracker";
				PRODUCT_NAME = "$(TARGET_NAME)";
				SWIFT_EMIT_LOC_STRINGS = YES;
				SWIFT_VERSION = 5.0;
				TARGETED_DEVICE_FAMILY = "1,2";
			};
			name = Release;
		};
/* End XCBuildConfiguration section */

/* Begin XCConfigurationList section */
		F4BF7CC32A0C8886001C22F0 /* Build configuration list for PBXProject "IssueTracker" */ = {
			isa = XCConfigurationList;
			buildConfigurations = (
				F4BF7CDA2A0C8887001C22F0 /* Debug */,
				F4BF7CDB2A0C8887001C22F0 /* Release */,
			);
			defaultConfigurationIsVisible = 0;
			defaultConfigurationName = Release;
		};
		F4BF7CDC2A0C8887001C22F0 /* Build configuration list for PBXNativeTarget "IssueTracker" */ = {
			isa = XCConfigurationList;
			buildConfigurations = (
				F4BF7CDD2A0C8887001C22F0 /* Debug */,
				F4BF7CDE2A0C8887001C22F0 /* Release */,
			);
			defaultConfigurationIsVisible = 0;
			defaultConfigurationName = Release;
		};
/* End XCConfigurationList section */

/* Begin XCRemoteSwiftPackageReference section */
		F47681AF2A248DD100C4FFA5 /* XCRemoteSwiftPackageReference "swift-collections" */ = {
			isa = XCRemoteSwiftPackageReference;
			repositoryURL = "https://github.com/apple/swift-collections.git";
			requirement = {
				kind = upToNextMajorVersion;
				minimumVersion = 1.0.4;
			};
		};
/* End XCRemoteSwiftPackageReference section */

/* Begin XCSwiftPackageProductDependency section */
		F47681B02A248DD100C4FFA5 /* OrderedCollections */ = {
			isa = XCSwiftPackageProductDependency;
			package = F47681AF2A248DD100C4FFA5 /* XCRemoteSwiftPackageReference "swift-collections" */;
			productName = OrderedCollections;
		};
/* End XCSwiftPackageProductDependency section */
	};
	rootObject = F4BF7CC02A0C8886001C22F0 /* Project object */;
}
