// !$*UTF8*$!
{
	archiveVersion = 1;
	classes = {
	};
	objectVersion = 56;
	objects = {

/* Begin PBXBuildFile section */
		6343A0662A0F7B65005FFC3E /* IssueLabel.swift in Sources */ = {isa = PBXBuildFile; fileRef = 6343A0652A0F7B65005FFC3E /* IssueLabel.swift */; };
		638659D92A0D30AD006FE4F0 /* IssueListCollectionViewCell.xib in Resources */ = {isa = PBXBuildFile; fileRef = 638659D82A0D30AD006FE4F0 /* IssueListCollectionViewCell.xib */; };
		638659DB2A0D3483006FE4F0 /* IssueListCollectionViewCell.swift in Sources */ = {isa = PBXBuildFile; fileRef = 638659DA2A0D3483006FE4F0 /* IssueListCollectionViewCell.swift */; };
		F40809732A0DE2470005E0AB /* IssueList.storyboard in Resources */ = {isa = PBXBuildFile; fileRef = F40809722A0DE2470005E0AB /* IssueList.storyboard */; };
		F40809752A0DE61C0005E0AB /* IssueListViewController.swift in Sources */ = {isa = PBXBuildFile; fileRef = F40809742A0DE61C0005E0AB /* IssueListViewController.swift */; };
		F48583AC2A10E1FC00322C9F /* TabBarController.swift in Sources */ = {isa = PBXBuildFile; fileRef = F48583AB2A10E1FC00322C9F /* TabBarController.swift */; };
		F48583C82A13802E00322C9F /* URLSessionDataTaskInterface.swift in Sources */ = {isa = PBXBuildFile; fileRef = F48583C32A13802E00322C9F /* URLSessionDataTaskInterface.swift */; };
		F48583C92A13802E00322C9F /* NetworkManager.swift in Sources */ = {isa = PBXBuildFile; fileRef = F48583C42A13802E00322C9F /* NetworkManager.swift */; };
		F48583CA2A13802E00322C9F /* URLSessionInterface.swift in Sources */ = {isa = PBXBuildFile; fileRef = F48583C52A13802E00322C9F /* URLSessionInterface.swift */; };
		F48583CB2A13802E00322C9F /* MockResponse.swift in Sources */ = {isa = PBXBuildFile; fileRef = F48583C62A13802E00322C9F /* MockResponse.swift */; };
		F48583CC2A13802E00322C9F /* NetworkError.swift in Sources */ = {isa = PBXBuildFile; fileRef = F48583C72A13802E00322C9F /* NetworkError.swift */; };
		F48583CF2A1380D100322C9F /* IssueListDTO.swift in Sources */ = {isa = PBXBuildFile; fileRef = F48583CE2A1380D100322C9F /* IssueListDTO.swift */; };
		F48583D12A138DA400322C9F /* issues.json in Resources */ = {isa = PBXBuildFile; fileRef = F48583D02A138DA400322C9F /* issues.json */; };
		F4BF7CCC2A0C8886001C22F0 /* AppDelegate.swift in Sources */ = {isa = PBXBuildFile; fileRef = F4BF7CCB2A0C8886001C22F0 /* AppDelegate.swift */; };
		F4BF7CCE2A0C8886001C22F0 /* SceneDelegate.swift in Sources */ = {isa = PBXBuildFile; fileRef = F4BF7CCD2A0C8886001C22F0 /* SceneDelegate.swift */; };
		F4BF7CD32A0C8886001C22F0 /* Main.storyboard in Resources */ = {isa = PBXBuildFile; fileRef = F4BF7CD12A0C8886001C22F0 /* Main.storyboard */; };
		F4BF7CD52A0C8887001C22F0 /* Assets.xcassets in Resources */ = {isa = PBXBuildFile; fileRef = F4BF7CD42A0C8887001C22F0 /* Assets.xcassets */; };
		F4BF7CD82A0C8887001C22F0 /* LaunchScreen.storyboard in Resources */ = {isa = PBXBuildFile; fileRef = F4BF7CD62A0C8887001C22F0 /* LaunchScreen.storyboard */; };
		F4BF7CE32A0C89BD001C22F0 /* .swiftlint.yml in Resources */ = {isa = PBXBuildFile; fileRef = F4BF7CE22A0C89BD001C22F0 /* .swiftlint.yml */; };
		F4BF7CF32A0D1312001C22F0 /* Color.swift in Sources */ = {isa = PBXBuildFile; fileRef = F4BF7CF22A0D1312001C22F0 /* Color.swift */; };
		F4BF7CF52A0D13FF001C22F0 /* TypoGraphy.swift in Sources */ = {isa = PBXBuildFile; fileRef = F4BF7CF42A0D13FF001C22F0 /* TypoGraphy.swift */; };
		F4BF7CF72A0D231D001C22F0 /* UILabel+font.swift in Sources */ = {isa = PBXBuildFile; fileRef = F4BF7CF62A0D231D001C22F0 /* UILabel+font.swift */; };
/* End PBXBuildFile section */

/* Begin PBXFileReference section */
		6343A0652A0F7B65005FFC3E /* IssueLabel.swift */ = {isa = PBXFileReference; lastKnownFileType = sourcecode.swift; path = IssueLabel.swift; sourceTree = "<group>"; };
		638659D82A0D30AD006FE4F0 /* IssueListCollectionViewCell.xib */ = {isa = PBXFileReference; lastKnownFileType = file.xib; path = IssueListCollectionViewCell.xib; sourceTree = "<group>"; };
		638659DA2A0D3483006FE4F0 /* IssueListCollectionViewCell.swift */ = {isa = PBXFileReference; lastKnownFileType = sourcecode.swift; path = IssueListCollectionViewCell.swift; sourceTree = "<group>"; };
		F40809722A0DE2470005E0AB /* IssueList.storyboard */ = {isa = PBXFileReference; lastKnownFileType = file.storyboard; path = IssueList.storyboard; sourceTree = "<group>"; };
		F40809742A0DE61C0005E0AB /* IssueListViewController.swift */ = {isa = PBXFileReference; lastKnownFileType = sourcecode.swift; path = IssueListViewController.swift; sourceTree = "<group>"; };
		F48583AB2A10E1FC00322C9F /* TabBarController.swift */ = {isa = PBXFileReference; lastKnownFileType = sourcecode.swift; path = TabBarController.swift; sourceTree = "<group>"; };
		F48583C32A13802E00322C9F /* URLSessionDataTaskInterface.swift */ = {isa = PBXFileReference; fileEncoding = 4; lastKnownFileType = sourcecode.swift; path = URLSessionDataTaskInterface.swift; sourceTree = "<group>"; };
		F48583C42A13802E00322C9F /* NetworkManager.swift */ = {isa = PBXFileReference; fileEncoding = 4; lastKnownFileType = sourcecode.swift; path = NetworkManager.swift; sourceTree = "<group>"; };
		F48583C52A13802E00322C9F /* URLSessionInterface.swift */ = {isa = PBXFileReference; fileEncoding = 4; lastKnownFileType = sourcecode.swift; path = URLSessionInterface.swift; sourceTree = "<group>"; };
		F48583C62A13802E00322C9F /* MockResponse.swift */ = {isa = PBXFileReference; fileEncoding = 4; lastKnownFileType = sourcecode.swift; path = MockResponse.swift; sourceTree = "<group>"; };
		F48583C72A13802E00322C9F /* NetworkError.swift */ = {isa = PBXFileReference; fileEncoding = 4; lastKnownFileType = sourcecode.swift; path = NetworkError.swift; sourceTree = "<group>"; };
		F48583CE2A1380D100322C9F /* IssueListDTO.swift */ = {isa = PBXFileReference; fileEncoding = 4; lastKnownFileType = sourcecode.swift; path = IssueListDTO.swift; sourceTree = "<group>"; };
		F48583D02A138DA400322C9F /* issues.json */ = {isa = PBXFileReference; fileEncoding = 4; lastKnownFileType = text.json; path = issues.json; sourceTree = "<group>"; };
		F4BF7CC82A0C8886001C22F0 /* IssueTracker.app */ = {isa = PBXFileReference; explicitFileType = wrapper.application; includeInIndex = 0; path = IssueTracker.app; sourceTree = BUILT_PRODUCTS_DIR; };
		F4BF7CCB2A0C8886001C22F0 /* AppDelegate.swift */ = {isa = PBXFileReference; lastKnownFileType = sourcecode.swift; path = AppDelegate.swift; sourceTree = "<group>"; };
		F4BF7CCD2A0C8886001C22F0 /* SceneDelegate.swift */ = {isa = PBXFileReference; lastKnownFileType = sourcecode.swift; path = SceneDelegate.swift; sourceTree = "<group>"; };
		F4BF7CD22A0C8886001C22F0 /* Base */ = {isa = PBXFileReference; lastKnownFileType = file.storyboard; name = Base; path = Base.lproj/Main.storyboard; sourceTree = "<group>"; };
		F4BF7CD42A0C8887001C22F0 /* Assets.xcassets */ = {isa = PBXFileReference; lastKnownFileType = folder.assetcatalog; path = Assets.xcassets; sourceTree = "<group>"; };
		F4BF7CD72A0C8887001C22F0 /* Base */ = {isa = PBXFileReference; lastKnownFileType = file.storyboard; name = Base; path = Base.lproj/LaunchScreen.storyboard; sourceTree = "<group>"; };
		F4BF7CD92A0C8887001C22F0 /* Info.plist */ = {isa = PBXFileReference; lastKnownFileType = text.plist.xml; path = Info.plist; sourceTree = "<group>"; };
		F4BF7CE22A0C89BD001C22F0 /* .swiftlint.yml */ = {isa = PBXFileReference; lastKnownFileType = text.yaml; path = .swiftlint.yml; sourceTree = "<group>"; };
		F4BF7CF22A0D1312001C22F0 /* Color.swift */ = {isa = PBXFileReference; lastKnownFileType = sourcecode.swift; path = Color.swift; sourceTree = "<group>"; };
		F4BF7CF42A0D13FF001C22F0 /* TypoGraphy.swift */ = {isa = PBXFileReference; lastKnownFileType = sourcecode.swift; path = TypoGraphy.swift; sourceTree = "<group>"; };
		F4BF7CF62A0D231D001C22F0 /* UILabel+font.swift */ = {isa = PBXFileReference; lastKnownFileType = sourcecode.swift; path = "UILabel+font.swift"; sourceTree = "<group>"; };
/* End PBXFileReference section */

/* Begin PBXFrameworksBuildPhase section */
		F4BF7CC52A0C8886001C22F0 /* Frameworks */ = {
			isa = PBXFrameworksBuildPhase;
			buildActionMask = 2147483647;
			files = (
			);
			runOnlyForDeploymentPostprocessing = 0;
		};
/* End PBXFrameworksBuildPhase section */

/* Begin PBXGroup section */
		F48583A82A0E216A00322C9F /* Common */ = {
			isa = PBXGroup;
			children = (
				F4BF7CF22A0D1312001C22F0 /* Color.swift */,
				F4BF7CF42A0D13FF001C22F0 /* TypoGraphy.swift */,
			);
			path = Common;
			sourceTree = "<group>";
		};
		F48583A92A0E21DA00322C9F /* IssueTab */ = {
			isa = PBXGroup;
			children = (
				F40809722A0DE2470005E0AB /* IssueList.storyboard */,
				F40809742A0DE61C0005E0AB /* IssueListViewController.swift */,
				638659D82A0D30AD006FE4F0 /* IssueListCollectionViewCell.xib */,
				638659DA2A0D3483006FE4F0 /* IssueListCollectionViewCell.swift */,
				6343A0652A0F7B65005FFC3E /* IssueLabel.swift */,
			);
			path = IssueTab;
			sourceTree = "<group>";
		};
		F48583AA2A0E21E500322C9F /* Extension */ = {
			isa = PBXGroup;
			children = (
				F4BF7CF62A0D231D001C22F0 /* UILabel+font.swift */,
			);
			path = Extension;
			sourceTree = "<group>";
		};
		F48583C22A13802E00322C9F /* Network */ = {
			isa = PBXGroup;
			children = (
				F48583CD2A1380C300322C9F /* DTO */,
				F48583C72A13802E00322C9F /* NetworkError.swift */,
				F48583C42A13802E00322C9F /* NetworkManager.swift */,
				F48583C52A13802E00322C9F /* URLSessionInterface.swift */,
				F48583C32A13802E00322C9F /* URLSessionDataTaskInterface.swift */,
				F48583C62A13802E00322C9F /* MockResponse.swift */,
			);
			path = Network;
			sourceTree = "<group>";
		};
		F48583CD2A1380C300322C9F /* DTO */ = {
			isa = PBXGroup;
			children = (
				F48583CE2A1380D100322C9F /* IssueListDTO.swift */,
			);
			path = DTO;
			sourceTree = "<group>";
		};
		F4BF7CBF2A0C8886001C22F0 = {
			isa = PBXGroup;
			children = (
				F4BF7CE22A0C89BD001C22F0 /* .swiftlint.yml */,
				F4BF7CCA2A0C8886001C22F0 /* IssueTracker */,
				F4BF7CC92A0C8886001C22F0 /* Products */,
			);
			sourceTree = "<group>";
		};
		F4BF7CC92A0C8886001C22F0 /* Products */ = {
			isa = PBXGroup;
			children = (
				F4BF7CC82A0C8886001C22F0 /* IssueTracker.app */,
			);
			name = Products;
			sourceTree = "<group>";
		};
		F4BF7CCA2A0C8886001C22F0 /* IssueTracker */ = {
			isa = PBXGroup;
			children = (
				F48583C22A13802E00322C9F /* Network */,
				F4BF7CD62A0C8887001C22F0 /* LaunchScreen.storyboard */,
				F4BF7CD12A0C8886001C22F0 /* Main.storyboard */,
				F48583AB2A10E1FC00322C9F /* TabBarController.swift */,
				F48583A92A0E21DA00322C9F /* IssueTab */,
				F48583A82A0E216A00322C9F /* Common */,
				F48583AA2A0E21E500322C9F /* Extension */,
				F4BF7CE42A0C8B89001C22F0 /* Supporting Files */,
				F4BF7CE52A0C8B9F001C22F0 /* Resource */,
			);
			path = IssueTracker;
			sourceTree = "<group>";
		};
		F4BF7CE42A0C8B89001C22F0 /* Supporting Files */ = {
			isa = PBXGroup;
			children = (
				F4BF7CCB2A0C8886001C22F0 /* AppDelegate.swift */,
				F4BF7CCD2A0C8886001C22F0 /* SceneDelegate.swift */,
				F4BF7CD92A0C8887001C22F0 /* Info.plist */,
			);
			path = "Supporting Files";
			sourceTree = "<group>";
		};
		F4BF7CE52A0C8B9F001C22F0 /* Resource */ = {
			isa = PBXGroup;
			children = (
				F48583D02A138DA400322C9F /* issues.json */,
				F4BF7CD42A0C8887001C22F0 /* Assets.xcassets */,
			);
			path = Resource;
			sourceTree = "<group>";
		};
/* End PBXGroup section */

/* Begin PBXNativeTarget section */
		F4BF7CC72A0C8886001C22F0 /* IssueTracker */ = {
			isa = PBXNativeTarget;
			buildConfigurationList = F4BF7CDC2A0C8887001C22F0 /* Build configuration list for PBXNativeTarget "IssueTracker" */;
			buildPhases = (
				F4BF7CDF2A0C891D001C22F0 /* SwiftLint */,
				F4BF7CC42A0C8886001C22F0 /* Sources */,
				F4BF7CC52A0C8886001C22F0 /* Frameworks */,
				F4BF7CC62A0C8886001C22F0 /* Resources */,
			);
			buildRules = (
			);
			dependencies = (
			);
			name = IssueTracker;
			productName = IssueTracker;
			productReference = F4BF7CC82A0C8886001C22F0 /* IssueTracker.app */;
			productType = "com.apple.product-type.application";
		};
/* End PBXNativeTarget section */

/* Begin PBXProject section */
		F4BF7CC02A0C8886001C22F0 /* Project object */ = {
			isa = PBXProject;
			attributes = {
				BuildIndependentTargetsInParallel = 1;
				LastSwiftUpdateCheck = 1430;
				LastUpgradeCheck = 1430;
				TargetAttributes = {
					F4BF7CC72A0C8886001C22F0 = {
						CreatedOnToolsVersion = 14.3;
					};
				};
			};
			buildConfigurationList = F4BF7CC32A0C8886001C22F0 /* Build configuration list for PBXProject "IssueTracker" */;
			compatibilityVersion = "Xcode 14.0";
			developmentRegion = en;
			hasScannedForEncodings = 0;
			knownRegions = (
				en,
				Base,
			);
			mainGroup = F4BF7CBF2A0C8886001C22F0;
			productRefGroup = F4BF7CC92A0C8886001C22F0 /* Products */;
			projectDirPath = "";
			projectRoot = "";
			targets = (
				F4BF7CC72A0C8886001C22F0 /* IssueTracker */,
			);
		};
/* End PBXProject section */

/* Begin PBXResourcesBuildPhase section */
		F4BF7CC62A0C8886001C22F0 /* Resources */ = {
			isa = PBXResourcesBuildPhase;
			buildActionMask = 2147483647;
			files = (
				F4BF7CE32A0C89BD001C22F0 /* .swiftlint.yml in Resources */,
				638659D92A0D30AD006FE4F0 /* IssueListCollectionViewCell.xib in Resources */,
				F4BF7CD82A0C8887001C22F0 /* LaunchScreen.storyboard in Resources */,
				F40809732A0DE2470005E0AB /* IssueList.storyboard in Resources */,
				F4BF7CD52A0C8887001C22F0 /* Assets.xcassets in Resources */,
				F4BF7CD32A0C8886001C22F0 /* Main.storyboard in Resources */,
				F48583D12A138DA400322C9F /* issues.json in Resources */,
			);
			runOnlyForDeploymentPostprocessing = 0;
		};
/* End PBXResourcesBuildPhase section */

/* Begin PBXShellScriptBuildPhase section */
		F4BF7CDF2A0C891D001C22F0 /* SwiftLint */ = {
			isa = PBXShellScriptBuildPhase;
			alwaysOutOfDate = 1;
			buildActionMask = 2147483647;
			files = (
			);
			inputFileListPaths = (
			);
			inputPaths = (
			);
			name = SwiftLint;
			outputFileListPaths = (
			);
			outputPaths = (
			);
			runOnlyForDeploymentPostprocessing = 0;
			shellPath = /bin/sh;
			shellScript = "if test -d \"/opt/homebrew/bin/\"; then\n  PATH=\"/opt/homebrew/bin/:${PATH}\"\nfi\n\nexport PATH\n\nif which swiftlint >/dev/null; then\n  swiftlint\nelse\n  echo \"warning: SwiftLint not installed, download from https://github.com/realm/SwiftLint\"\nfi\n";
		};
/* End PBXShellScriptBuildPhase section */

/* Begin PBXSourcesBuildPhase section */
		F4BF7CC42A0C8886001C22F0 /* Sources */ = {
			isa = PBXSourcesBuildPhase;
			buildActionMask = 2147483647;
			files = (
				F4BF7CF72A0D231D001C22F0 /* UILabel+font.swift in Sources */,
				F48583CC2A13802E00322C9F /* NetworkError.swift in Sources */,
				F4BF7CF32A0D1312001C22F0 /* Color.swift in Sources */,
				F48583AC2A10E1FC00322C9F /* TabBarController.swift in Sources */,
				F48583C82A13802E00322C9F /* URLSessionDataTaskInterface.swift in Sources */,
				F48583CA2A13802E00322C9F /* URLSessionInterface.swift in Sources */,
				F48583C92A13802E00322C9F /* NetworkManager.swift in Sources */,
				F48583CF2A1380D100322C9F /* IssueListDTO.swift in Sources */,
				F4BF7CF52A0D13FF001C22F0 /* TypoGraphy.swift in Sources */,
				6343A0662A0F7B65005FFC3E /* IssueLabel.swift in Sources */,
				F40809752A0DE61C0005E0AB /* IssueListViewController.swift in Sources */,
				F4BF7CCC2A0C8886001C22F0 /* AppDelegate.swift in Sources */,
				F4BF7CCE2A0C8886001C22F0 /* SceneDelegate.swift in Sources */,
				F48583CB2A13802E00322C9F /* MockResponse.swift in Sources */,
				638659DB2A0D3483006FE4F0 /* IssueListCollectionViewCell.swift in Sources */,
			);
			runOnlyForDeploymentPostprocessing = 0;
		};
/* End PBXSourcesBuildPhase section */

/* Begin PBXVariantGroup section */
		F4BF7CD12A0C8886001C22F0 /* Main.storyboard */ = {
			isa = PBXVariantGroup;
			children = (
				F4BF7CD22A0C8886001C22F0 /* Base */,
			);
			name = Main.storyboard;
			sourceTree = "<group>";
		};
		F4BF7CD62A0C8887001C22F0 /* LaunchScreen.storyboard */ = {
			isa = PBXVariantGroup;
			children = (
				F4BF7CD72A0C8887001C22F0 /* Base */,
			);
			name = LaunchScreen.storyboard;
			sourceTree = "<group>";
		};
/* End PBXVariantGroup section */

/* Begin XCBuildConfiguration section */
		F4BF7CDA2A0C8887001C22F0 /* Debug */ = {
			isa = XCBuildConfiguration;
			buildSettings = {
				ALWAYS_SEARCH_USER_PATHS = NO;
				CLANG_ANALYZER_NONNULL = YES;
				CLANG_ANALYZER_NUMBER_OBJECT_CONVERSION = YES_AGGRESSIVE;
				CLANG_CXX_LANGUAGE_STANDARD = "gnu++20";
				CLANG_ENABLE_MODULES = YES;
				CLANG_ENABLE_OBJC_ARC = YES;
				CLANG_ENABLE_OBJC_WEAK = YES;
				CLANG_WARN_BLOCK_CAPTURE_AUTORELEASING = YES;
				CLANG_WARN_BOOL_CONVERSION = YES;
				CLANG_WARN_COMMA = YES;
				CLANG_WARN_CONSTANT_CONVERSION = YES;
				CLANG_WARN_DEPRECATED_OBJC_IMPLEMENTATIONS = YES;
				CLANG_WARN_DIRECT_OBJC_ISA_USAGE = YES_ERROR;
				CLANG_WARN_DOCUMENTATION_COMMENTS = YES;
				CLANG_WARN_EMPTY_BODY = YES;
				CLANG_WARN_ENUM_CONVERSION = YES;
				CLANG_WARN_INFINITE_RECURSION = YES;
				CLANG_WARN_INT_CONVERSION = YES;
				CLANG_WARN_NON_LITERAL_NULL_CONVERSION = YES;
				CLANG_WARN_OBJC_IMPLICIT_RETAIN_SELF = YES;
				CLANG_WARN_OBJC_LITERAL_CONVERSION = YES;
				CLANG_WARN_OBJC_ROOT_CLASS = YES_ERROR;
				CLANG_WARN_QUOTED_INCLUDE_IN_FRAMEWORK_HEADER = YES;
				CLANG_WARN_RANGE_LOOP_ANALYSIS = YES;
				CLANG_WARN_STRICT_PROTOTYPES = YES;
				CLANG_WARN_SUSPICIOUS_MOVE = YES;
				CLANG_WARN_UNGUARDED_AVAILABILITY = YES_AGGRESSIVE;
				CLANG_WARN_UNREACHABLE_CODE = YES;
				CLANG_WARN__DUPLICATE_METHOD_MATCH = YES;
				COPY_PHASE_STRIP = NO;
				DEBUG_INFORMATION_FORMAT = dwarf;
				ENABLE_STRICT_OBJC_MSGSEND = YES;
				ENABLE_TESTABILITY = YES;
				GCC_C_LANGUAGE_STANDARD = gnu11;
				GCC_DYNAMIC_NO_PIC = NO;
				GCC_NO_COMMON_BLOCKS = YES;
				GCC_OPTIMIZATION_LEVEL = 0;
				GCC_PREPROCESSOR_DEFINITIONS = (
					"DEBUG=1",
					"$(inherited)",
				);
				GCC_WARN_64_TO_32_BIT_CONVERSION = YES;
				GCC_WARN_ABOUT_RETURN_TYPE = YES_ERROR;
				GCC_WARN_UNDECLARED_SELECTOR = YES;
				GCC_WARN_UNINITIALIZED_AUTOS = YES_AGGRESSIVE;
				GCC_WARN_UNUSED_FUNCTION = YES;
				GCC_WARN_UNUSED_VARIABLE = YES;
				IPHONEOS_DEPLOYMENT_TARGET = 16.4;
				MTL_ENABLE_DEBUG_INFO = INCLUDE_SOURCE;
				MTL_FAST_MATH = YES;
				ONLY_ACTIVE_ARCH = YES;
				SDKROOT = iphoneos;
				SWIFT_ACTIVE_COMPILATION_CONDITIONS = DEBUG;
				SWIFT_OPTIMIZATION_LEVEL = "-Onone";
			};
			name = Debug;
		};
		F4BF7CDB2A0C8887001C22F0 /* Release */ = {
			isa = XCBuildConfiguration;
			buildSettings = {
				ALWAYS_SEARCH_USER_PATHS = NO;
				CLANG_ANALYZER_NONNULL = YES;
				CLANG_ANALYZER_NUMBER_OBJECT_CONVERSION = YES_AGGRESSIVE;
				CLANG_CXX_LANGUAGE_STANDARD = "gnu++20";
				CLANG_ENABLE_MODULES = YES;
				CLANG_ENABLE_OBJC_ARC = YES;
				CLANG_ENABLE_OBJC_WEAK = YES;
				CLANG_WARN_BLOCK_CAPTURE_AUTORELEASING = YES;
				CLANG_WARN_BOOL_CONVERSION = YES;
				CLANG_WARN_COMMA = YES;
				CLANG_WARN_CONSTANT_CONVERSION = YES;
				CLANG_WARN_DEPRECATED_OBJC_IMPLEMENTATIONS = YES;
				CLANG_WARN_DIRECT_OBJC_ISA_USAGE = YES_ERROR;
				CLANG_WARN_DOCUMENTATION_COMMENTS = YES;
				CLANG_WARN_EMPTY_BODY = YES;
				CLANG_WARN_ENUM_CONVERSION = YES;
				CLANG_WARN_INFINITE_RECURSION = YES;
				CLANG_WARN_INT_CONVERSION = YES;
				CLANG_WARN_NON_LITERAL_NULL_CONVERSION = YES;
				CLANG_WARN_OBJC_IMPLICIT_RETAIN_SELF = YES;
				CLANG_WARN_OBJC_LITERAL_CONVERSION = YES;
				CLANG_WARN_OBJC_ROOT_CLASS = YES_ERROR;
				CLANG_WARN_QUOTED_INCLUDE_IN_FRAMEWORK_HEADER = YES;
				CLANG_WARN_RANGE_LOOP_ANALYSIS = YES;
				CLANG_WARN_STRICT_PROTOTYPES = YES;
				CLANG_WARN_SUSPICIOUS_MOVE = YES;
				CLANG_WARN_UNGUARDED_AVAILABILITY = YES_AGGRESSIVE;
				CLANG_WARN_UNREACHABLE_CODE = YES;
				CLANG_WARN__DUPLICATE_METHOD_MATCH = YES;
				COPY_PHASE_STRIP = NO;
				DEBUG_INFORMATION_FORMAT = "dwarf-with-dsym";
				ENABLE_NS_ASSERTIONS = NO;
				ENABLE_STRICT_OBJC_MSGSEND = YES;
				GCC_C_LANGUAGE_STANDARD = gnu11;
				GCC_NO_COMMON_BLOCKS = YES;
				GCC_WARN_64_TO_32_BIT_CONVERSION = YES;
				GCC_WARN_ABOUT_RETURN_TYPE = YES_ERROR;
				GCC_WARN_UNDECLARED_SELECTOR = YES;
				GCC_WARN_UNINITIALIZED_AUTOS = YES_AGGRESSIVE;
				GCC_WARN_UNUSED_FUNCTION = YES;
				GCC_WARN_UNUSED_VARIABLE = YES;
				IPHONEOS_DEPLOYMENT_TARGET = 16.4;
				MTL_ENABLE_DEBUG_INFO = NO;
				MTL_FAST_MATH = YES;
				SDKROOT = iphoneos;
				SWIFT_COMPILATION_MODE = wholemodule;
				SWIFT_OPTIMIZATION_LEVEL = "-O";
				VALIDATE_PRODUCT = YES;
			};
			name = Release;
		};
		F4BF7CDD2A0C8887001C22F0 /* Debug */ = {
			isa = XCBuildConfiguration;
			buildSettings = {
				ASSETCATALOG_COMPILER_APPICON_NAME = AppIcon;
				ASSETCATALOG_COMPILER_GLOBAL_ACCENT_COLOR_NAME = AccentColor;
				CODE_SIGN_STYLE = Automatic;
				CURRENT_PROJECT_VERSION = 1;
				DEVELOPMENT_TEAM = Y67S3384LP;
				GENERATE_INFOPLIST_FILE = YES;
				INFOPLIST_FILE = "IssueTracker/Supporting Files/Info.plist";
				INFOPLIST_KEY_UIApplicationSupportsIndirectInputEvents = YES;
				INFOPLIST_KEY_UILaunchStoryboardName = LaunchScreen;
				INFOPLIST_KEY_UIMainStoryboardFile = Main;
				INFOPLIST_KEY_UISupportedInterfaceOrientations_iPad = "UIInterfaceOrientationPortrait UIInterfaceOrientationPortraitUpsideDown UIInterfaceOrientationLandscapeLeft UIInterfaceOrientationLandscapeRight";
				INFOPLIST_KEY_UISupportedInterfaceOrientations_iPhone = "UIInterfaceOrientationPortrait UIInterfaceOrientationLandscapeLeft UIInterfaceOrientationLandscapeRight";
				LD_RUNPATH_SEARCH_PATHS = (
					"$(inherited)",
					"@executable_path/Frameworks",
				);
				MARKETING_VERSION = 1.0;
				PRODUCT_BUNDLE_IDENTIFIER = "com.codesquad2023-group-02.IssueTracker";
				PRODUCT_NAME = "$(TARGET_NAME)";
				SWIFT_EMIT_LOC_STRINGS = YES;
				SWIFT_VERSION = 5.0;
				TARGETED_DEVICE_FAMILY = "1,2";
			};
			name = Debug;
		};
		F4BF7CDE2A0C8887001C22F0 /* Release */ = {
			isa = XCBuildConfiguration;
			buildSettings = {
				ASSETCATALOG_COMPILER_APPICON_NAME = AppIcon;
				ASSETCATALOG_COMPILER_GLOBAL_ACCENT_COLOR_NAME = AccentColor;
				CODE_SIGN_STYLE = Automatic;
				CURRENT_PROJECT_VERSION = 1;
				DEVELOPMENT_TEAM = Y67S3384LP;
				GENERATE_INFOPLIST_FILE = YES;
				INFOPLIST_FILE = "IssueTracker/Supporting Files/Info.plist";
				INFOPLIST_KEY_UIApplicationSupportsIndirectInputEvents = YES;
				INFOPLIST_KEY_UILaunchStoryboardName = LaunchScreen;
				INFOPLIST_KEY_UIMainStoryboardFile = Main;
				INFOPLIST_KEY_UISupportedInterfaceOrientations_iPad = "UIInterfaceOrientationPortrait UIInterfaceOrientationPortraitUpsideDown UIInterfaceOrientationLandscapeLeft UIInterfaceOrientationLandscapeRight";
				INFOPLIST_KEY_UISupportedInterfaceOrientations_iPhone = "UIInterfaceOrientationPortrait UIInterfaceOrientationLandscapeLeft UIInterfaceOrientationLandscapeRight";
				LD_RUNPATH_SEARCH_PATHS = (
					"$(inherited)",
					"@executable_path/Frameworks",
				);
				MARKETING_VERSION = 1.0;
				PRODUCT_BUNDLE_IDENTIFIER = "com.codesquad2023-group-02.IssueTracker";
				PRODUCT_NAME = "$(TARGET_NAME)";
				SWIFT_EMIT_LOC_STRINGS = YES;
				SWIFT_VERSION = 5.0;
				TARGETED_DEVICE_FAMILY = "1,2";
			};
			name = Release;
		};
/* End XCBuildConfiguration section */

/* Begin XCConfigurationList section */
		F4BF7CC32A0C8886001C22F0 /* Build configuration list for PBXProject "IssueTracker" */ = {
			isa = XCConfigurationList;
			buildConfigurations = (
				F4BF7CDA2A0C8887001C22F0 /* Debug */,
				F4BF7CDB2A0C8887001C22F0 /* Release */,
			);
			defaultConfigurationIsVisible = 0;
			defaultConfigurationName = Release;
		};
		F4BF7CDC2A0C8887001C22F0 /* Build configuration list for PBXNativeTarget "IssueTracker" */ = {
			isa = XCConfigurationList;
			buildConfigurations = (
				F4BF7CDD2A0C8887001C22F0 /* Debug */,
				F4BF7CDE2A0C8887001C22F0 /* Release */,
			);
			defaultConfigurationIsVisible = 0;
			defaultConfigurationName = Release;
		};
/* End XCConfigurationList section */
	};
	rootObject = F4BF7CC02A0C8886001C22F0 /* Project object */;
}
